// !$*UTF8*$!
{
	archiveVersion = 1;
	classes = {
	};
	objectVersion = 46;
	objects = {

/* Begin PBXBuildFile section */
		3E3051DC19DCED6A008245F5 /* EnumParserScenarios.cpp in Sources */ = {isa = PBXBuildFile; fileRef = 3E3051DB19DCED6A008245F5 /* EnumParserScenarios.cpp */; };
		3E37A5CF19DF916600BED294 /* MessageFieldModel.cpp in Sources */ = {isa = PBXBuildFile; fileRef = 3E37A5CD19DF916600BED294 /* MessageFieldModel.cpp */; };
		3E37A5D019DF916600BED294 /* MessageFieldModel.h in Headers */ = {isa = PBXBuildFile; fileRef = 3E37A5CE19DF916600BED294 /* MessageFieldModel.h */; };
		3E37A5D319DF918200BED294 /* MessageFieldParser.cpp in Sources */ = {isa = PBXBuildFile; fileRef = 3E37A5D119DF918200BED294 /* MessageFieldParser.cpp */; };
		3E37A5D419DF918200BED294 /* MessageFieldParser.h in Headers */ = {isa = PBXBuildFile; fileRef = 3E37A5D219DF918200BED294 /* MessageFieldParser.h */; };
		3E37A5D919DFA3DE00BED294 /* MessageFieldParserScenarios.cpp in Sources */ = {isa = PBXBuildFile; fileRef = 3E37A5D819DFA3DE00BED294 /* MessageFieldParserScenarios.cpp */; };
		3E9888D219D2945B00505B28 /* ProtoModelScenarios.cpp in Sources */ = {isa = PBXBuildFile; fileRef = 3E9888D119D2945B00505B28 /* ProtoModelScenarios.cpp */; };
		3E9888D419D2971F00505B28 /* ProtoParserScenarios.cpp in Sources */ = {isa = PBXBuildFile; fileRef = 3E9888D319D2971F00505B28 /* ProtoParserScenarios.cpp */; };
		3E9EE99219D6634F00AEF047 /* PackageParser.cpp in Sources */ = {isa = PBXBuildFile; fileRef = 3E9EE99019D6634F00AEF047 /* PackageParser.cpp */; };
		3E9EE99319D6634F00AEF047 /* PackageParser.h in Headers */ = {isa = PBXBuildFile; fileRef = 3E9EE99119D6634F00AEF047 /* PackageParser.h */; };
		3E9EE99619D6636B00AEF047 /* MessageParser.cpp in Sources */ = {isa = PBXBuildFile; fileRef = 3E9EE99419D6636B00AEF047 /* MessageParser.cpp */; };
		3E9EE99719D6636B00AEF047 /* MessageParser.h in Headers */ = {isa = PBXBuildFile; fileRef = 3E9EE99519D6636B00AEF047 /* MessageParser.h */; };
		3E9EE99A19D663D000AEF047 /* MessageModel.cpp in Sources */ = {isa = PBXBuildFile; fileRef = 3E9EE99819D663D000AEF047 /* MessageModel.cpp */; };
		3E9EE99B19D663D000AEF047 /* MessageModel.h in Headers */ = {isa = PBXBuildFile; fileRef = 3E9EE99919D663D000AEF047 /* MessageModel.h */; };
		3E9EE9A019D6727A00AEF047 /* Packageable.h in Headers */ = {isa = PBXBuildFile; fileRef = 3E9EE99E19D6727A00AEF047 /* Packageable.h */; };
		3EB0EBCA19E225CD0097929D /* OneofModel.cpp in Sources */ = {isa = PBXBuildFile; fileRef = 3EB0EBC819E225CD0097929D /* OneofModel.cpp */; };
		3EB0EBCB19E225CD0097929D /* OneofModel.h in Headers */ = {isa = PBXBuildFile; fileRef = 3EB0EBC919E225CD0097929D /* OneofModel.h */; };
		3EB0EBCE19E225F40097929D /* OneofParser.cpp in Sources */ = {isa = PBXBuildFile; fileRef = 3EB0EBCC19E225F40097929D /* OneofParser.cpp */; };
		3EB0EBCF19E225F40097929D /* OneofParser.h in Headers */ = {isa = PBXBuildFile; fileRef = 3EB0EBCD19E225F40097929D /* OneofParser.h */; };
		3EB0EBD219E235810097929D /* OneofFieldParser.cpp in Sources */ = {isa = PBXBuildFile; fileRef = 3EB0EBD019E235810097929D /* OneofFieldParser.cpp */; };
		3EB0EBD319E235810097929D /* OneofFieldParser.h in Headers */ = {isa = PBXBuildFile; fileRef = 3EB0EBD119E235810097929D /* OneofFieldParser.h */; };
		3EB0EBD819E23E580097929D /* OneofParserScenarios.cpp in Sources */ = {isa = PBXBuildFile; fileRef = 3EB0EBD719E23E580097929D /* OneofParserScenarios.cpp */; };
		3EB0FA2419DA4B66003633C8 /* ParserManager.cpp in Sources */ = {isa = PBXBuildFile; fileRef = 3EB0FA2219DA4B65003633C8 /* ParserManager.cpp */; };
		3EB0FA2519DA4B66003633C8 /* ParserManager.h in Headers */ = {isa = PBXBuildFile; fileRef = 3EB0FA2319DA4B65003633C8 /* ParserManager.h */; };
		3ECE389D19DBAA3100A042B4 /* EnumParser.cpp in Sources */ = {isa = PBXBuildFile; fileRef = 3ECE389B19DBAA3100A042B4 /* EnumParser.cpp */; };
		3ECE389E19DBAA3100A042B4 /* EnumParser.h in Headers */ = {isa = PBXBuildFile; fileRef = 3ECE389C19DBAA3100A042B4 /* EnumParser.h */; };
		3ECE38A119DBAAEF00A042B4 /* EnumModel.cpp in Sources */ = {isa = PBXBuildFile; fileRef = 3ECE389F19DBAAEF00A042B4 /* EnumModel.cpp */; };
		3ECE38A219DBAAEF00A042B4 /* EnumModel.h in Headers */ = {isa = PBXBuildFile; fileRef = 3ECE38A019DBAAEF00A042B4 /* EnumModel.h */; };
		3EDF794B19D7663F00AD2103 /* PackageParserScenarios.cpp in Sources */ = {isa = PBXBuildFile; fileRef = 3EDF794A19D7663F00AD2103 /* PackageParserScenarios.cpp */; };
		3EDF794D19D7666800AD2103 /* MessageParserScenarios.cpp in Sources */ = {isa = PBXBuildFile; fileRef = 3EDF794C19D7666800AD2103 /* MessageParserScenarios.cpp */; };
		3EE5ACC819E39604001AEC6C /* EnumValueModel.cpp in Sources */ = {isa = PBXBuildFile; fileRef = 3EE5ACC619E39604001AEC6C /* EnumValueModel.cpp */; };
		3EE5ACC919E39604001AEC6C /* EnumValueModel.h in Headers */ = {isa = PBXBuildFile; fileRef = 3EE5ACC719E39604001AEC6C /* EnumValueModel.h */; };
		3EE5ACCC19E39621001AEC6C /* EnumValueParser.cpp in Sources */ = {isa = PBXBuildFile; fileRef = 3EE5ACCA19E39621001AEC6C /* EnumValueParser.cpp */; };
		3EE5ACCD19E39621001AEC6C /* EnumValueParser.h in Headers */ = {isa = PBXBuildFile; fileRef = 3EE5ACCB19E39621001AEC6C /* EnumValueParser.h */; };
		3EE9089419C9339C00C75919 /* ProtoParser.cpp in Sources */ = {isa = PBXBuildFile; fileRef = 3EE9089219C9339C00C75919 /* ProtoParser.cpp */; };
		3EE9089519C9339C00C75919 /* ProtoParser.h in Headers */ = {isa = PBXBuildFile; fileRef = 3EE9089319C9339C00C75919 /* ProtoParser.h */; };
		3EE9089819C9361400C75919 /* ProtoModel.cpp in Sources */ = {isa = PBXBuildFile; fileRef = 3EE9089619C9361400C75919 /* ProtoModel.cpp */; };
		3EE9089919C9361400C75919 /* ProtoModel.h in Headers */ = {isa = PBXBuildFile; fileRef = 3EE9089719C9361400C75919 /* ProtoModel.h */; };
		3EF78A4919C5321E00976ADA /* main.cpp in Sources */ = {isa = PBXBuildFile; fileRef = 3EF78A4819C5321E00976ADA /* main.cpp */; };
		3EF78A5419C5396300976ADA /* TokenReaderScenarios.cpp in Sources */ = {isa = PBXBuildFile; fileRef = 3EF78A5219C5396300976ADA /* TokenReaderScenarios.cpp */; };
		3EF78A6619C53DAF00976ADA /* TokenReader.cpp in Sources */ = {isa = PBXBuildFile; fileRef = 3E1B9A2519C1569F00AAAA0D /* TokenReader.cpp */; };
		3EF78A6C19C5408600976ADA /* libProtocol.a in Frameworks */ = {isa = PBXBuildFile; fileRef = 3EF78A6119C53BD800976ADA /* libProtocol.a */; };
/* End PBXBuildFile section */

/* Begin PBXCopyFilesBuildPhase section */
		3EF78A4419C5321D00976ADA /* CopyFiles */ = {
			isa = PBXCopyFilesBuildPhase;
			buildActionMask = 2147483647;
			dstPath = /usr/share/man/man1/;
			dstSubfolderSpec = 0;
			files = (
			);
			runOnlyForDeploymentPostprocessing = 1;
		};
/* End PBXCopyFilesBuildPhase section */

/* Begin PBXFileReference section */
		3E1B9A2519C1569F00AAAA0D /* TokenReader.cpp */ = {isa = PBXFileReference; fileEncoding = 4; lastKnownFileType = sourcecode.cpp.cpp; path = TokenReader.cpp; sourceTree = "<group>"; };
		3E1B9A2619C1569F00AAAA0D /* TokenReader.h */ = {isa = PBXFileReference; fileEncoding = 4; lastKnownFileType = sourcecode.c.h; path = TokenReader.h; sourceTree = "<group>"; };
		3E28C49719C5FF0B00D5F4FD /* EmptyCommentSingleLine.proto */ = {isa = PBXFileReference; lastKnownFileType = text; path = EmptyCommentSingleLine.proto; sourceTree = "<group>"; };
		3E28C49819C5FF2800D5F4FD /* EmptyCommentMultiLine.proto */ = {isa = PBXFileReference; lastKnownFileType = text; path = EmptyCommentMultiLine.proto; sourceTree = "<group>"; };
		3E28C49919C5FF6F00D5F4FD /* Text.proto */ = {isa = PBXFileReference; lastKnownFileType = text; path = Text.proto; sourceTree = "<group>"; };
		3E28C49A19C6010900D5F4FD /* MessageWhitespace.proto */ = {isa = PBXFileReference; lastKnownFileType = text; path = MessageWhitespace.proto; sourceTree = "<group>"; };
		3E28C49B19C602D000D5F4FD /* TextWhitespace.proto */ = {isa = PBXFileReference; lastKnownFileType = text; path = TextWhitespace.proto; sourceTree = "<group>"; };
		3E28C49C19C6061100D5F4FD /* MessageComment.proto */ = {isa = PBXFileReference; lastKnownFileType = text; path = MessageComment.proto; sourceTree = "<group>"; };
		3E28C49D19C6068800D5F4FD /* EmptyComment.proto */ = {isa = PBXFileReference; lastKnownFileType = text; path = EmptyComment.proto; sourceTree = "<group>"; };
		3E28C49E19C6094400D5F4FD /* EmptyCommentSingleLineEOF.proto */ = {isa = PBXFileReference; lastKnownFileType = text; path = EmptyCommentSingleLineEOF.proto; sourceTree = "<group>"; };
		3E28C49F19C60EF800D5F4FD /* EmptyCommentMultiLineEOF.proto */ = {isa = PBXFileReference; lastKnownFileType = text; path = EmptyCommentMultiLineEOF.proto; sourceTree = "<group>"; };
		3E28C4A019C610A900D5F4FD /* TextCommentSingleLineEOF.proto */ = {isa = PBXFileReference; lastKnownFileType = text; path = TextCommentSingleLineEOF.proto; sourceTree = "<group>"; };
		3E28C4A119C6110900D5F4FD /* TextCommentSingleLine.proto */ = {isa = PBXFileReference; lastKnownFileType = text; path = TextCommentSingleLine.proto; sourceTree = "<group>"; };
		3E28C4A219C6116800D5F4FD /* TextCommentMultiLine.proto */ = {isa = PBXFileReference; lastKnownFileType = text; path = TextCommentMultiLine.proto; sourceTree = "<group>"; };
		3E28C4A319C6119800D5F4FD /* TextCommentMultiLineEOF.proto */ = {isa = PBXFileReference; lastKnownFileType = text; path = TextCommentMultiLineEOF.proto; sourceTree = "<group>"; };
		3E2D269A19C7E43500BD2302 /* TextString.proto */ = {isa = PBXFileReference; fileEncoding = 4; lastKnownFileType = text; path = TextString.proto; sourceTree = "<group>"; };
		3E2D269B19C7E62D00BD2302 /* TextStringEOF.proto */ = {isa = PBXFileReference; fileEncoding = 4; lastKnownFileType = text; path = TextStringEOF.proto; sourceTree = "<group>"; };
		3E2D269C19C7E64B00BD2302 /* TextStringMultiLine.proto */ = {isa = PBXFileReference; fileEncoding = 4; lastKnownFileType = text; path = TextStringMultiLine.proto; sourceTree = "<group>"; };
		3E2D269D19C7F0F200BD2302 /* Package.proto */ = {isa = PBXFileReference; fileEncoding = 4; lastKnownFileType = text; path = Package.proto; sourceTree = "<group>"; };
		3E3051D419DCEB9D008245F5 /* Enum.proto */ = {isa = PBXFileReference; fileEncoding = 4; lastKnownFileType = text; path = Enum.proto; sourceTree = "<group>"; };
		3E3051D919DCEC19008245F5 /* EnumMultiple.proto */ = {isa = PBXFileReference; fileEncoding = 4; lastKnownFileType = text; path = EnumMultiple.proto; sourceTree = "<group>"; };
		3E3051DA19DCEC38008245F5 /* EnumMultiplePackage.proto */ = {isa = PBXFileReference; fileEncoding = 4; lastKnownFileType = text; path = EnumMultiplePackage.proto; sourceTree = "<group>"; };
		3E3051DB19DCED6A008245F5 /* EnumParserScenarios.cpp */ = {isa = PBXFileReference; fileEncoding = 4; lastKnownFileType = sourcecode.cpp.cpp; path = EnumParserScenarios.cpp; sourceTree = "<group>"; };
		3E37A5CD19DF916600BED294 /* MessageFieldModel.cpp */ = {isa = PBXFileReference; fileEncoding = 4; lastKnownFileType = sourcecode.cpp.cpp; path = MessageFieldModel.cpp; sourceTree = "<group>"; };
		3E37A5CE19DF916600BED294 /* MessageFieldModel.h */ = {isa = PBXFileReference; fileEncoding = 4; lastKnownFileType = sourcecode.c.h; path = MessageFieldModel.h; sourceTree = "<group>"; };
		3E37A5D119DF918200BED294 /* MessageFieldParser.cpp */ = {isa = PBXFileReference; fileEncoding = 4; lastKnownFileType = sourcecode.cpp.cpp; path = MessageFieldParser.cpp; sourceTree = "<group>"; };
		3E37A5D219DF918200BED294 /* MessageFieldParser.h */ = {isa = PBXFileReference; fileEncoding = 4; lastKnownFileType = sourcecode.c.h; path = MessageFieldParser.h; sourceTree = "<group>"; };
		3E37A5D519DFA26E00BED294 /* MessageField.proto */ = {isa = PBXFileReference; fileEncoding = 4; lastKnownFileType = text; path = MessageField.proto; sourceTree = "<group>"; };
		3E37A5D719DFA29700BED294 /* MessageFieldMultiple.proto */ = {isa = PBXFileReference; fileEncoding = 4; lastKnownFileType = text; path = MessageFieldMultiple.proto; sourceTree = "<group>"; };
		3E37A5D819DFA3DE00BED294 /* MessageFieldParserScenarios.cpp */ = {isa = PBXFileReference; fileEncoding = 4; lastKnownFileType = sourcecode.cpp.cpp; path = MessageFieldParserScenarios.cpp; sourceTree = "<group>"; };
		3E5B5C4419D8CEB6006EEE50 /* PackageRedefined.proto */ = {isa = PBXFileReference; fileEncoding = 4; lastKnownFileType = text; path = PackageRedefined.proto; sourceTree = "<group>"; };
		3E5B5C4619D8D0B6006EEE50 /* MessageMultiple.proto */ = {isa = PBXFileReference; fileEncoding = 4; lastKnownFileType = text; path = MessageMultiple.proto; sourceTree = "<group>"; };
		3E5B5C4A19D8F0F3006EEE50 /* MessageMultiplePackage.proto */ = {isa = PBXFileReference; fileEncoding = 4; lastKnownFileType = text; path = MessageMultiplePackage.proto; sourceTree = "<group>"; };
		3E5B5C4C19D8F79B006EEE50 /* MessageNested.proto */ = {isa = PBXFileReference; fileEncoding = 4; lastKnownFileType = text; path = MessageNested.proto; sourceTree = "<group>"; };
		3E9888D119D2945B00505B28 /* ProtoModelScenarios.cpp */ = {isa = PBXFileReference; fileEncoding = 4; lastKnownFileType = sourcecode.cpp.cpp; path = ProtoModelScenarios.cpp; sourceTree = "<group>"; };
		3E9888D319D2971F00505B28 /* ProtoParserScenarios.cpp */ = {isa = PBXFileReference; fileEncoding = 4; lastKnownFileType = sourcecode.cpp.cpp; path = ProtoParserScenarios.cpp; sourceTree = "<group>"; };
		3E9EE99019D6634F00AEF047 /* PackageParser.cpp */ = {isa = PBXFileReference; fileEncoding = 4; lastKnownFileType = sourcecode.cpp.cpp; path = PackageParser.cpp; sourceTree = "<group>"; };
		3E9EE99119D6634F00AEF047 /* PackageParser.h */ = {isa = PBXFileReference; fileEncoding = 4; lastKnownFileType = sourcecode.c.h; path = PackageParser.h; sourceTree = "<group>"; };
		3E9EE99419D6636B00AEF047 /* MessageParser.cpp */ = {isa = PBXFileReference; fileEncoding = 4; lastKnownFileType = sourcecode.cpp.cpp; path = MessageParser.cpp; sourceTree = "<group>"; };
		3E9EE99519D6636B00AEF047 /* MessageParser.h */ = {isa = PBXFileReference; fileEncoding = 4; lastKnownFileType = sourcecode.c.h; path = MessageParser.h; sourceTree = "<group>"; };
		3E9EE99819D663D000AEF047 /* MessageModel.cpp */ = {isa = PBXFileReference; fileEncoding = 4; lastKnownFileType = sourcecode.cpp.cpp; path = MessageModel.cpp; sourceTree = "<group>"; };
		3E9EE99919D663D000AEF047 /* MessageModel.h */ = {isa = PBXFileReference; fileEncoding = 4; lastKnownFileType = sourcecode.c.h; path = MessageModel.h; sourceTree = "<group>"; };
		3E9EE99C19D6680E00AEF047 /* ParserInterface.h */ = {isa = PBXFileReference; lastKnownFileType = sourcecode.c.h; path = ParserInterface.h; sourceTree = "<group>"; };
		3E9EE99E19D6727A00AEF047 /* Packageable.h */ = {isa = PBXFileReference; fileEncoding = 4; lastKnownFileType = sourcecode.c.h; path = Packageable.h; sourceTree = "<group>"; };
		3EA6589919D25D970057E591 /* TextCommentNoSpace.proto */ = {isa = PBXFileReference; fileEncoding = 4; lastKnownFileType = text; path = TextCommentNoSpace.proto; sourceTree = "<group>"; };
		3EA6589B19D25FB60057E591 /* TextStringEmpty.proto */ = {isa = PBXFileReference; fileEncoding = 4; lastKnownFileType = text; path = TextStringEmpty.proto; sourceTree = "<group>"; };
		3EA6589C19D261960057E591 /* TextStringEndingEscape.proto */ = {isa = PBXFileReference; fileEncoding = 4; lastKnownFileType = text; path = TextStringEndingEscape.proto; sourceTree = "<group>"; };
		3EA6589E19D26B220057E591 /* TextStringEndingQuote.proto */ = {isa = PBXFileReference; fileEncoding = 4; lastKnownFileType = text; path = TextStringEndingQuote.proto; sourceTree = "<group>"; };
		3EA658A019D26DAF0057E591 /* TextDelimiterMultiple.proto */ = {isa = PBXFileReference; fileEncoding = 4; lastKnownFileType = text; path = TextDelimiterMultiple.proto; sourceTree = "<group>"; };
		3EB0EBC819E225CD0097929D /* OneofModel.cpp */ = {isa = PBXFileReference; fileEncoding = 4; lastKnownFileType = sourcecode.cpp.cpp; path = OneofModel.cpp; sourceTree = "<group>"; };
		3EB0EBC919E225CD0097929D /* OneofModel.h */ = {isa = PBXFileReference; fileEncoding = 4; lastKnownFileType = sourcecode.c.h; path = OneofModel.h; sourceTree = "<group>"; };
		3EB0EBCC19E225F40097929D /* OneofParser.cpp */ = {isa = PBXFileReference; fileEncoding = 4; lastKnownFileType = sourcecode.cpp.cpp; path = OneofParser.cpp; sourceTree = "<group>"; };
		3EB0EBCD19E225F40097929D /* OneofParser.h */ = {isa = PBXFileReference; fileEncoding = 4; lastKnownFileType = sourcecode.c.h; path = OneofParser.h; sourceTree = "<group>"; };
		3EB0EBD019E235810097929D /* OneofFieldParser.cpp */ = {isa = PBXFileReference; fileEncoding = 4; lastKnownFileType = sourcecode.cpp.cpp; path = OneofFieldParser.cpp; sourceTree = "<group>"; };
		3EB0EBD119E235810097929D /* OneofFieldParser.h */ = {isa = PBXFileReference; fileEncoding = 4; lastKnownFileType = sourcecode.c.h; path = OneofFieldParser.h; sourceTree = "<group>"; };
		3EB0EBD419E23C560097929D /* MessageOneof.proto */ = {isa = PBXFileReference; fileEncoding = 4; lastKnownFileType = text; path = MessageOneof.proto; sourceTree = "<group>"; };
		3EB0EBD619E23C720097929D /* MessageOneofMultiple.proto */ = {isa = PBXFileReference; fileEncoding = 4; lastKnownFileType = text; path = MessageOneofMultiple.proto; sourceTree = "<group>"; };
		3EB0EBD719E23E580097929D /* OneofParserScenarios.cpp */ = {isa = PBXFileReference; fileEncoding = 4; lastKnownFileType = sourcecode.cpp.cpp; path = OneofParserScenarios.cpp; sourceTree = "<group>"; };
		3EB0FA2219DA4B65003633C8 /* ParserManager.cpp */ = {isa = PBXFileReference; fileEncoding = 4; lastKnownFileType = sourcecode.cpp.cpp; path = ParserManager.cpp; sourceTree = "<group>"; };
		3EB0FA2319DA4B65003633C8 /* ParserManager.h */ = {isa = PBXFileReference; fileEncoding = 4; lastKnownFileType = sourcecode.c.h; path = ParserManager.h; sourceTree = "<group>"; };
		3ECE389B19DBAA3100A042B4 /* EnumParser.cpp */ = {isa = PBXFileReference; fileEncoding = 4; lastKnownFileType = sourcecode.cpp.cpp; path = EnumParser.cpp; sourceTree = "<group>"; };
		3ECE389C19DBAA3100A042B4 /* EnumParser.h */ = {isa = PBXFileReference; fileEncoding = 4; lastKnownFileType = sourcecode.c.h; path = EnumParser.h; sourceTree = "<group>"; };
		3ECE389F19DBAAEF00A042B4 /* EnumModel.cpp */ = {isa = PBXFileReference; fileEncoding = 4; lastKnownFileType = sourcecode.cpp.cpp; path = EnumModel.cpp; sourceTree = "<group>"; };
		3ECE38A019DBAAEF00A042B4 /* EnumModel.h */ = {isa = PBXFileReference; fileEncoding = 4; lastKnownFileType = sourcecode.c.h; path = EnumModel.h; sourceTree = "<group>"; };
		3ED087ED19C674B5001E4571 /* MessageEverything.proto */ = {isa = PBXFileReference; lastKnownFileType = text; path = MessageEverything.proto; sourceTree = "<group>"; };
		3ED087EE19C67D9C001E4571 /* MessageNamespace.proto */ = {isa = PBXFileReference; fileEncoding = 4; lastKnownFileType = text; path = MessageNamespace.proto; sourceTree = "<group>"; };
		3EDF794A19D7663F00AD2103 /* PackageParserScenarios.cpp */ = {isa = PBXFileReference; fileEncoding = 4; lastKnownFileType = sourcecode.cpp.cpp; path = PackageParserScenarios.cpp; sourceTree = "<group>"; };
		3EDF794C19D7666800AD2103 /* MessageParserScenarios.cpp */ = {isa = PBXFileReference; fileEncoding = 4; lastKnownFileType = sourcecode.cpp.cpp; path = MessageParserScenarios.cpp; sourceTree = "<group>"; };
		3EDF794E19D79E7200AD2103 /* InvalidProtoException.h */ = {isa = PBXFileReference; lastKnownFileType = sourcecode.c.h; path = InvalidProtoException.h; sourceTree = "<group>"; };
		3EE5ACC619E39604001AEC6C /* EnumValueModel.cpp */ = {isa = PBXFileReference; fileEncoding = 4; lastKnownFileType = sourcecode.cpp.cpp; path = EnumValueModel.cpp; sourceTree = "<group>"; };
		3EE5ACC719E39604001AEC6C /* EnumValueModel.h */ = {isa = PBXFileReference; fileEncoding = 4; lastKnownFileType = sourcecode.c.h; path = EnumValueModel.h; sourceTree = "<group>"; };
		3EE5ACCA19E39621001AEC6C /* EnumValueParser.cpp */ = {isa = PBXFileReference; fileEncoding = 4; lastKnownFileType = sourcecode.cpp.cpp; path = EnumValueParser.cpp; sourceTree = "<group>"; };
		3EE5ACCB19E39621001AEC6C /* EnumValueParser.h */ = {isa = PBXFileReference; fileEncoding = 4; lastKnownFileType = sourcecode.c.h; path = EnumValueParser.h; sourceTree = "<group>"; };
		3EE9089219C9339C00C75919 /* ProtoParser.cpp */ = {isa = PBXFileReference; fileEncoding = 4; lastKnownFileType = sourcecode.cpp.cpp; path = ProtoParser.cpp; sourceTree = "<group>"; };
		3EE9089319C9339C00C75919 /* ProtoParser.h */ = {isa = PBXFileReference; fileEncoding = 4; lastKnownFileType = sourcecode.c.h; path = ProtoParser.h; sourceTree = "<group>"; };
		3EE9089619C9361400C75919 /* ProtoModel.cpp */ = {isa = PBXFileReference; fileEncoding = 4; lastKnownFileType = sourcecode.cpp.cpp; path = ProtoModel.cpp; sourceTree = "<group>"; };
		3EE9089719C9361400C75919 /* ProtoModel.h */ = {isa = PBXFileReference; fileEncoding = 4; lastKnownFileType = sourcecode.c.h; path = ProtoModel.h; sourceTree = "<group>"; };
		3EEDCF0419DE3D6700D79A30 /* EnumMultipleMessage.proto */ = {isa = PBXFileReference; fileEncoding = 4; lastKnownFileType = text; path = EnumMultipleMessage.proto; sourceTree = "<group>"; };
		3EF78A3119C4EDB100976ADA /* Designer.h */ = {isa = PBXFileReference; lastKnownFileType = sourcecode.c.h; path = Designer.h; sourceTree = "<group>"; };
		3EF78A4619C5321D00976ADA /* ProtocolDesign */ = {isa = PBXFileReference; explicitFileType = "compiled.mach-o.executable"; includeInIndex = 0; path = ProtocolDesign; sourceTree = BUILT_PRODUCTS_DIR; };
		3EF78A4819C5321E00976ADA /* main.cpp */ = {isa = PBXFileReference; lastKnownFileType = sourcecode.cpp.cpp; path = main.cpp; sourceTree = "<group>"; };
		3EF78A5219C5396300976ADA /* TokenReaderScenarios.cpp */ = {isa = PBXFileReference; fileEncoding = 4; lastKnownFileType = sourcecode.cpp.cpp; path = TokenReaderScenarios.cpp; sourceTree = "<group>"; };
		3EF78A6119C53BD800976ADA /* libProtocol.a */ = {isa = PBXFileReference; explicitFileType = archive.ar; includeInIndex = 0; path = libProtocol.a; sourceTree = BUILT_PRODUCTS_DIR; };
		3EF78A6E19C5565F00976ADA /* Empty.proto */ = {isa = PBXFileReference; lastKnownFileType = text; path = Empty.proto; sourceTree = "<group>"; };
		3EF78A6F19C5588C00976ADA /* Message.proto */ = {isa = PBXFileReference; lastKnownFileType = text; path = Message.proto; sourceTree = "<group>"; };
/* End PBXFileReference section */

/* Begin PBXFrameworksBuildPhase section */
		3EF78A4319C5321D00976ADA /* Frameworks */ = {
			isa = PBXFrameworksBuildPhase;
			buildActionMask = 2147483647;
			files = (
				3EF78A6C19C5408600976ADA /* libProtocol.a in Frameworks */,
			);
			runOnlyForDeploymentPostprocessing = 0;
		};
		3EF78A5E19C53BD800976ADA /* Frameworks */ = {
			isa = PBXFrameworksBuildPhase;
			buildActionMask = 2147483647;
			files = (
			);
			runOnlyForDeploymentPostprocessing = 0;
		};
/* End PBXFrameworksBuildPhase section */

/* Begin PBXGroup section */
		3E606E5919BFF9C6009692B8 = {
			isa = PBXGroup;
			children = (
				3EF78A2C19C4E9FA00976ADA /* Submodules */,
				3E606E6419BFF9C6009692B8 /* Protocol */,
				3EF78A4719C5321D00976ADA /* ProtocolDesign */,
				3E606E6319BFF9C6009692B8 /* Products */,
			);
			sourceTree = "<group>";
		};
		3E606E6319BFF9C6009692B8 /* Products */ = {
			isa = PBXGroup;
			children = (
				3EF78A4619C5321D00976ADA /* ProtocolDesign */,
				3EF78A6119C53BD800976ADA /* libProtocol.a */,
			);
			name = Products;
			sourceTree = "<group>";
		};
		3E606E6419BFF9C6009692B8 /* Protocol */ = {
			isa = PBXGroup;
			children = (
				3ECE389F19DBAAEF00A042B4 /* EnumModel.cpp */,
				3ECE38A019DBAAEF00A042B4 /* EnumModel.h */,
				3ECE389B19DBAA3100A042B4 /* EnumParser.cpp */,
				3ECE389C19DBAA3100A042B4 /* EnumParser.h */,
				3EE5ACC619E39604001AEC6C /* EnumValueModel.cpp */,
				3EE5ACC719E39604001AEC6C /* EnumValueModel.h */,
				3EE5ACCA19E39621001AEC6C /* EnumValueParser.cpp */,
				3EE5ACCB19E39621001AEC6C /* EnumValueParser.h */,
				3EDF794E19D79E7200AD2103 /* InvalidProtoException.h */,
				3E9EE99819D663D000AEF047 /* MessageModel.cpp */,
				3E9EE99919D663D000AEF047 /* MessageModel.h */,
				3E9EE99419D6636B00AEF047 /* MessageParser.cpp */,
				3E9EE99519D6636B00AEF047 /* MessageParser.h */,
				3E37A5CD19DF916600BED294 /* MessageFieldModel.cpp */,
				3E37A5CE19DF916600BED294 /* MessageFieldModel.h */,
				3E37A5D119DF918200BED294 /* MessageFieldParser.cpp */,
				3E37A5D219DF918200BED294 /* MessageFieldParser.h */,
				3EB0EBC819E225CD0097929D /* OneofModel.cpp */,
				3EB0EBC919E225CD0097929D /* OneofModel.h */,
				3EB0EBCC19E225F40097929D /* OneofParser.cpp */,
				3EB0EBCD19E225F40097929D /* OneofParser.h */,
				3EB0EBD019E235810097929D /* OneofFieldParser.cpp */,
				3EB0EBD119E235810097929D /* OneofFieldParser.h */,
				3E9EE99E19D6727A00AEF047 /* Packageable.h */,
				3E9EE99019D6634F00AEF047 /* PackageParser.cpp */,
				3E9EE99119D6634F00AEF047 /* PackageParser.h */,
				3E9EE99C19D6680E00AEF047 /* ParserInterface.h */,
				3EB0FA2219DA4B65003633C8 /* ParserManager.cpp */,
				3EB0FA2319DA4B65003633C8 /* ParserManager.h */,
				3EE9089619C9361400C75919 /* ProtoModel.cpp */,
				3EE9089719C9361400C75919 /* ProtoModel.h */,
				3EE9089219C9339C00C75919 /* ProtoParser.cpp */,
				3EE9089319C9339C00C75919 /* ProtoParser.h */,
				3E1B9A2519C1569F00AAAA0D /* TokenReader.cpp */,
				3E1B9A2619C1569F00AAAA0D /* TokenReader.h */,
			);
			path = Protocol;
			sourceTree = "<group>";
		};
		3EF78A2C19C4E9FA00976ADA /* Submodules */ = {
			isa = PBXGroup;
			children = (
				3EF78A2F19C4ED6500976ADA /* Designer */,
			);
			path = Submodules;
			sourceTree = "<group>";
		};
		3EF78A2F19C4ED6500976ADA /* Designer */ = {
			isa = PBXGroup;
			children = (
				3EF78A3019C4ED7900976ADA /* Designer */,
			);
			path = Designer;
			sourceTree = "<group>";
		};
		3EF78A3019C4ED7900976ADA /* Designer */ = {
			isa = PBXGroup;
			children = (
				3EF78A3119C4EDB100976ADA /* Designer.h */,
			);
			path = Designer;
			sourceTree = "<group>";
		};
		3EF78A4719C5321D00976ADA /* ProtocolDesign */ = {
			isa = PBXGroup;
			children = (
				3EF78A6D19C5558700976ADA /* Messages */,
				3EF78A4819C5321E00976ADA /* main.cpp */,
				3EF78A5219C5396300976ADA /* TokenReaderScenarios.cpp */,
				3E9888D119D2945B00505B28 /* ProtoModelScenarios.cpp */,
				3E9888D319D2971F00505B28 /* ProtoParserScenarios.cpp */,
				3EDF794A19D7663F00AD2103 /* PackageParserScenarios.cpp */,
				3EDF794C19D7666800AD2103 /* MessageParserScenarios.cpp */,
				3E37A5D819DFA3DE00BED294 /* MessageFieldParserScenarios.cpp */,
				3E3051DB19DCED6A008245F5 /* EnumParserScenarios.cpp */,
				3EB0EBD719E23E580097929D /* OneofParserScenarios.cpp */,
			);
			path = ProtocolDesign;
			sourceTree = "<group>";
		};
		3EF78A6D19C5558700976ADA /* Messages */ = {
			isa = PBXGroup;
			children = (
				3EF78A6E19C5565F00976ADA /* Empty.proto */,
				3E28C49719C5FF0B00D5F4FD /* EmptyCommentSingleLine.proto */,
				3E28C49E19C6094400D5F4FD /* EmptyCommentSingleLineEOF.proto */,
				3E28C49819C5FF2800D5F4FD /* EmptyCommentMultiLine.proto */,
				3E28C49F19C60EF800D5F4FD /* EmptyCommentMultiLineEOF.proto */,
				3E28C49D19C6068800D5F4FD /* EmptyComment.proto */,
				3E28C49919C5FF6F00D5F4FD /* Text.proto */,
				3E28C4A119C6110900D5F4FD /* TextCommentSingleLine.proto */,
				3E28C4A019C610A900D5F4FD /* TextCommentSingleLineEOF.proto */,
				3E28C4A219C6116800D5F4FD /* TextCommentMultiLine.proto */,
				3E28C4A319C6119800D5F4FD /* TextCommentMultiLineEOF.proto */,
				3EA6589919D25D970057E591 /* TextCommentNoSpace.proto */,
				3EA658A019D26DAF0057E591 /* TextDelimiterMultiple.proto */,
				3E2D269A19C7E43500BD2302 /* TextString.proto */,
				3EA6589B19D25FB60057E591 /* TextStringEmpty.proto */,
				3E2D269B19C7E62D00BD2302 /* TextStringEOF.proto */,
				3E2D269C19C7E64B00BD2302 /* TextStringMultiLine.proto */,
				3EA6589C19D261960057E591 /* TextStringEndingEscape.proto */,
				3EA6589E19D26B220057E591 /* TextStringEndingQuote.proto */,
				3E28C49B19C602D000D5F4FD /* TextWhitespace.proto */,
				3EF78A6F19C5588C00976ADA /* Message.proto */,
				3E28C49A19C6010900D5F4FD /* MessageWhitespace.proto */,
				3E28C49C19C6061100D5F4FD /* MessageComment.proto */,
				3ED087EE19C67D9C001E4571 /* MessageNamespace.proto */,
				3ED087ED19C674B5001E4571 /* MessageEverything.proto */,
				3E5B5C4619D8D0B6006EEE50 /* MessageMultiple.proto */,
				3E5B5C4A19D8F0F3006EEE50 /* MessageMultiplePackage.proto */,
				3E5B5C4C19D8F79B006EEE50 /* MessageNested.proto */,
				3E37A5D519DFA26E00BED294 /* MessageField.proto */,
				3E37A5D719DFA29700BED294 /* MessageFieldMultiple.proto */,
				3EB0EBD419E23C560097929D /* MessageOneof.proto */,
				3EB0EBD619E23C720097929D /* MessageOneofMultiple.proto */,
				3E2D269D19C7F0F200BD2302 /* Package.proto */,
				3E5B5C4419D8CEB6006EEE50 /* PackageRedefined.proto */,
				3E3051D419DCEB9D008245F5 /* Enum.proto */,
				3E3051D919DCEC19008245F5 /* EnumMultiple.proto */,
				3EEDCF0419DE3D6700D79A30 /* EnumMultipleMessage.proto */,
				3E3051DA19DCEC38008245F5 /* EnumMultiplePackage.proto */,
			);
			path = Messages;
			sourceTree = "<group>";
		};
/* End PBXGroup section */

/* Begin PBXHeadersBuildPhase section */
		3EF78A5F19C53BD800976ADA /* Headers */ = {
			isa = PBXHeadersBuildPhase;
			buildActionMask = 2147483647;
			files = (
				3E9EE99319D6634F00AEF047 /* PackageParser.h in Headers */,
				3EE9089519C9339C00C75919 /* ProtoParser.h in Headers */,
				3EB0EBD319E235810097929D /* OneofFieldParser.h in Headers */,
				3ECE38A219DBAAEF00A042B4 /* EnumModel.h in Headers */,
				3EB0FA2519DA4B66003633C8 /* ParserManager.h in Headers */,
				3E9EE99B19D663D000AEF047 /* MessageModel.h in Headers */,
				3EE5ACCD19E39621001AEC6C /* EnumValueParser.h in Headers */,
				3E37A5D019DF916600BED294 /* MessageFieldModel.h in Headers */,
				3EB0EBCB19E225CD0097929D /* OneofModel.h in Headers */,
				3EB0EBCF19E225F40097929D /* OneofParser.h in Headers */,
				3ECE389E19DBAA3100A042B4 /* EnumParser.h in Headers */,
				3E9EE9A019D6727A00AEF047 /* Packageable.h in Headers */,
				3EE9089919C9361400C75919 /* ProtoModel.h in Headers */,
				3E37A5D419DF918200BED294 /* MessageFieldParser.h in Headers */,
				3E9EE99719D6636B00AEF047 /* MessageParser.h in Headers */,
				3EE5ACC919E39604001AEC6C /* EnumValueModel.h in Headers */,
			);
			runOnlyForDeploymentPostprocessing = 0;
		};
/* End PBXHeadersBuildPhase section */

/* Begin PBXNativeTarget section */
		3EF78A4519C5321D00976ADA /* ProtocolDesign */ = {
			isa = PBXNativeTarget;
			buildConfigurationList = 3EF78A4C19C5321E00976ADA /* Build configuration list for PBXNativeTarget "ProtocolDesign" */;
			buildPhases = (
				3EF78A4219C5321D00976ADA /* Sources */,
				3EF78A4319C5321D00976ADA /* Frameworks */,
				3EF78A4419C5321D00976ADA /* CopyFiles */,
			);
			buildRules = (
			);
			dependencies = (
			);
			name = ProtocolDesign;
			productName = ProtocolDesign;
			productReference = 3EF78A4619C5321D00976ADA /* ProtocolDesign */;
			productType = "com.apple.product-type.tool";
		};
		3EF78A6019C53BD800976ADA /* Protocol */ = {
			isa = PBXNativeTarget;
			buildConfigurationList = 3EF78A6219C53BD800976ADA /* Build configuration list for PBXNativeTarget "Protocol" */;
			buildPhases = (
				3EF78A5D19C53BD800976ADA /* Sources */,
				3EF78A5E19C53BD800976ADA /* Frameworks */,
				3EF78A5F19C53BD800976ADA /* Headers */,
			);
			buildRules = (
			);
			dependencies = (
			);
			name = Protocol;
			productName = Protocol;
			productReference = 3EF78A6119C53BD800976ADA /* libProtocol.a */;
			productType = "com.apple.product-type.library.static";
		};
/* End PBXNativeTarget section */

/* Begin PBXProject section */
		3E606E5A19BFF9C6009692B8 /* Project object */ = {
			isa = PBXProject;
			attributes = {
				LastUpgradeCheck = 0600;
				ORGANIZATIONNAME = MuddledManaged;
			};
			buildConfigurationList = 3E606E5D19BFF9C6009692B8 /* Build configuration list for PBXProject "Protocol" */;
			compatibilityVersion = "Xcode 3.2";
			developmentRegion = English;
			hasScannedForEncodings = 0;
			knownRegions = (
				en,
			);
			mainGroup = 3E606E5919BFF9C6009692B8;
			productRefGroup = 3E606E6319BFF9C6009692B8 /* Products */;
			projectDirPath = "";
			projectRoot = "";
			targets = (
				3EF78A6019C53BD800976ADA /* Protocol */,
				3EF78A4519C5321D00976ADA /* ProtocolDesign */,
			);
		};
/* End PBXProject section */

/* Begin PBXSourcesBuildPhase section */
		3EF78A4219C5321D00976ADA /* Sources */ = {
			isa = PBXSourcesBuildPhase;
			buildActionMask = 2147483647;
			files = (
				3E3051DC19DCED6A008245F5 /* EnumParserScenarios.cpp in Sources */,
				3E9888D219D2945B00505B28 /* ProtoModelScenarios.cpp in Sources */,
				3EDF794B19D7663F00AD2103 /* PackageParserScenarios.cpp in Sources */,
				3EDF794D19D7666800AD2103 /* MessageParserScenarios.cpp in Sources */,
				3E9888D419D2971F00505B28 /* ProtoParserScenarios.cpp in Sources */,
				3E37A5D919DFA3DE00BED294 /* MessageFieldParserScenarios.cpp in Sources */,
				3EF78A5419C5396300976ADA /* TokenReaderScenarios.cpp in Sources */,
				3EF78A4919C5321E00976ADA /* main.cpp in Sources */,
				3EB0EBD819E23E580097929D /* OneofParserScenarios.cpp in Sources */,
			);
			runOnlyForDeploymentPostprocessing = 0;
		};
		3EF78A5D19C53BD800976ADA /* Sources */ = {
			isa = PBXSourcesBuildPhase;
			buildActionMask = 2147483647;
			files = (
				3E9EE99619D6636B00AEF047 /* MessageParser.cpp in Sources */,
				3E37A5D319DF918200BED294 /* MessageFieldParser.cpp in Sources */,
				3ECE389D19DBAA3100A042B4 /* EnumParser.cpp in Sources */,
				3EE5ACCC19E39621001AEC6C /* EnumValueParser.cpp in Sources */,
				3EB0EBD219E235810097929D /* OneofFieldParser.cpp in Sources */,
				3EE9089819C9361400C75919 /* ProtoModel.cpp in Sources */,
				3EE9089419C9339C00C75919 /* ProtoParser.cpp in Sources */,
				3E37A5CF19DF916600BED294 /* MessageFieldModel.cpp in Sources */,
				3EE5ACC819E39604001AEC6C /* EnumValueModel.cpp in Sources */,
				3EB0EBCE19E225F40097929D /* OneofParser.cpp in Sources */,
				3EB0FA2419DA4B66003633C8 /* ParserManager.cpp in Sources */,
				3EB0EBCA19E225CD0097929D /* OneofModel.cpp in Sources */,
				3ECE38A119DBAAEF00A042B4 /* EnumModel.cpp in Sources */,
				3E9EE99A19D663D000AEF047 /* MessageModel.cpp in Sources */,
				3EF78A6619C53DAF00976ADA /* TokenReader.cpp in Sources */,
				3E9EE99219D6634F00AEF047 /* PackageParser.cpp in Sources */,
			);
			runOnlyForDeploymentPostprocessing = 0;
		};
/* End PBXSourcesBuildPhase section */

/* Begin XCBuildConfiguration section */
		3E606E6919BFF9C6009692B8 /* Debug */ = {
			isa = XCBuildConfiguration;
			buildSettings = {
				ALWAYS_SEARCH_USER_PATHS = NO;
				CLANG_CXX_LANGUAGE_STANDARD = "gnu++0x";
				CLANG_CXX_LIBRARY = "libc++";
				CLANG_ENABLE_MODULES = YES;
				CLANG_ENABLE_OBJC_ARC = YES;
				CLANG_WARN_BOOL_CONVERSION = YES;
				CLANG_WARN_CONSTANT_CONVERSION = YES;
				CLANG_WARN_DIRECT_OBJC_ISA_USAGE = YES_ERROR;
				CLANG_WARN_EMPTY_BODY = YES;
				CLANG_WARN_ENUM_CONVERSION = YES;
				CLANG_WARN_INT_CONVERSION = YES;
				CLANG_WARN_OBJC_ROOT_CLASS = YES_ERROR;
				CLANG_WARN__DUPLICATE_METHOD_MATCH = YES;
				COPY_PHASE_STRIP = NO;
				GCC_C_LANGUAGE_STANDARD = gnu99;
				GCC_DYNAMIC_NO_PIC = NO;
				GCC_ENABLE_OBJC_EXCEPTIONS = YES;
				GCC_OPTIMIZATION_LEVEL = 0;
				GCC_PREPROCESSOR_DEFINITIONS = (
					"DEBUG=1",
					"$(inherited)",
				);
				GCC_SYMBOLS_PRIVATE_EXTERN = NO;
				GCC_WARN_64_TO_32_BIT_CONVERSION = YES;
				GCC_WARN_ABOUT_RETURN_TYPE = YES_ERROR;
				GCC_WARN_UNDECLARED_SELECTOR = YES;
				GCC_WARN_UNINITIALIZED_AUTOS = YES_AGGRESSIVE;
				GCC_WARN_UNUSED_FUNCTION = YES;
				GCC_WARN_UNUSED_VARIABLE = YES;
				MACOSX_DEPLOYMENT_TARGET = 10.9;
				ONLY_ACTIVE_ARCH = YES;
				SDKROOT = macosx;
			};
			name = Debug;
		};
		3E606E6A19BFF9C6009692B8 /* Release */ = {
			isa = XCBuildConfiguration;
			buildSettings = {
				ALWAYS_SEARCH_USER_PATHS = NO;
				CLANG_CXX_LANGUAGE_STANDARD = "gnu++0x";
				CLANG_CXX_LIBRARY = "libc++";
				CLANG_ENABLE_MODULES = YES;
				CLANG_ENABLE_OBJC_ARC = YES;
				CLANG_WARN_BOOL_CONVERSION = YES;
				CLANG_WARN_CONSTANT_CONVERSION = YES;
				CLANG_WARN_DIRECT_OBJC_ISA_USAGE = YES_ERROR;
				CLANG_WARN_EMPTY_BODY = YES;
				CLANG_WARN_ENUM_CONVERSION = YES;
				CLANG_WARN_INT_CONVERSION = YES;
				CLANG_WARN_OBJC_ROOT_CLASS = YES_ERROR;
				CLANG_WARN__DUPLICATE_METHOD_MATCH = YES;
				COPY_PHASE_STRIP = YES;
				DEBUG_INFORMATION_FORMAT = "dwarf-with-dsym";
				ENABLE_NS_ASSERTIONS = NO;
				GCC_C_LANGUAGE_STANDARD = gnu99;
				GCC_ENABLE_OBJC_EXCEPTIONS = YES;
				GCC_WARN_64_TO_32_BIT_CONVERSION = YES;
				GCC_WARN_ABOUT_RETURN_TYPE = YES_ERROR;
				GCC_WARN_UNDECLARED_SELECTOR = YES;
				GCC_WARN_UNINITIALIZED_AUTOS = YES_AGGRESSIVE;
				GCC_WARN_UNUSED_FUNCTION = YES;
				GCC_WARN_UNUSED_VARIABLE = YES;
				MACOSX_DEPLOYMENT_TARGET = 10.9;
				SDKROOT = macosx;
			};
			name = Release;
		};
		3EF78A4D19C5321E00976ADA /* Debug */ = {
			isa = XCBuildConfiguration;
			buildSettings = {
				GCC_PREPROCESSOR_DEFINITIONS = (
					"DEBUG=1",
					"$(inherited)",
				);
				PRODUCT_NAME = "$(TARGET_NAME)";
			};
			name = Debug;
		};
		3EF78A4E19C5321E00976ADA /* Release */ = {
			isa = XCBuildConfiguration;
			buildSettings = {
				PRODUCT_NAME = "$(TARGET_NAME)";
			};
			name = Release;
		};
		3EF78A6319C53BD800976ADA /* Debug */ = {
			isa = XCBuildConfiguration;
			buildSettings = {
				COMBINE_HIDPI_IMAGES = YES;
				EXECUTABLE_PREFIX = lib;
				GCC_PREPROCESSOR_DEFINITIONS = (
					"DEBUG=1",
					"$(inherited)",
				);
				PRODUCT_NAME = "$(TARGET_NAME)";
			};
			name = Debug;
		};
		3EF78A6419C53BD800976ADA /* Release */ = {
			isa = XCBuildConfiguration;
			buildSettings = {
				COMBINE_HIDPI_IMAGES = YES;
				EXECUTABLE_PREFIX = lib;
				PRODUCT_NAME = "$(TARGET_NAME)";
			};
			name = Release;
		};
/* End XCBuildConfiguration section */

/* Begin XCConfigurationList section */
		3E606E5D19BFF9C6009692B8 /* Build configuration list for PBXProject "Protocol" */ = {
			isa = XCConfigurationList;
			buildConfigurations = (
				3E606E6919BFF9C6009692B8 /* Debug */,
				3E606E6A19BFF9C6009692B8 /* Release */,
			);
			defaultConfigurationIsVisible = 0;
			defaultConfigurationName = Release;
		};
		3EF78A4C19C5321E00976ADA /* Build configuration list for PBXNativeTarget "ProtocolDesign" */ = {
			isa = XCConfigurationList;
			buildConfigurations = (
				3EF78A4D19C5321E00976ADA /* Debug */,
				3EF78A4E19C5321E00976ADA /* Release */,
			);
			defaultConfigurationIsVisible = 0;
			defaultConfigurationName = Release;
		};
		3EF78A6219C53BD800976ADA /* Build configuration list for PBXNativeTarget "Protocol" */ = {
			isa = XCConfigurationList;
			buildConfigurations = (
				3EF78A6319C53BD800976ADA /* Debug */,
				3EF78A6419C53BD800976ADA /* Release */,
			);
			defaultConfigurationIsVisible = 0;
			defaultConfigurationName = Release;
		};
/* End XCConfigurationList section */
	};
	rootObject = 3E606E5A19BFF9C6009692B8 /* Project object */;
}
