// !$*UTF8*$!
{
	archiveVersion = 1;
	classes = {
	};
	objectVersion = 46;
	objects = {

/* Begin PBXBuildFile section */
		3E03213519EB20FB00E21D52 /* ImportParser.cpp in Sources */ = {isa = PBXBuildFile; fileRef = 3E03213319EB20FB00E21D52 /* ImportParser.cpp */; };
		3E03213619EB20FB00E21D52 /* ImportParser.h in Headers */ = {isa = PBXBuildFile; fileRef = 3E03213419EB20FB00E21D52 /* ImportParser.h */; };
		3E08D6A61A4281F500D17E46 /* main.cpp in Sources */ = {isa = PBXBuildFile; fileRef = 3E08D6A51A4281F500D17E46 /* main.cpp */; };
		3E08D6AA1A42823600D17E46 /* libProtocol.a in Frameworks */ = {isa = PBXBuildFile; fileRef = 3EF78A6119C53BD800976ADA /* libProtocol.a */; };
		3E08D6AE1A4284DB00D17E46 /* Message.protocol.cpp in Sources */ = {isa = PBXBuildFile; fileRef = 3E08D6AC1A4284DB00D17E46 /* Message.protocol.cpp */; };
		3E3051DC19DCED6A008245F5 /* EnumParserScenarios.cpp in Sources */ = {isa = PBXBuildFile; fileRef = 3E3051DB19DCED6A008245F5 /* EnumParserScenarios.cpp */; };
		3E37A5CF19DF916600BED294 /* MessageFieldModel.cpp in Sources */ = {isa = PBXBuildFile; fileRef = 3E37A5CD19DF916600BED294 /* MessageFieldModel.cpp */; };
		3E37A5D019DF916600BED294 /* MessageFieldModel.h in Headers */ = {isa = PBXBuildFile; fileRef = 3E37A5CE19DF916600BED294 /* MessageFieldModel.h */; };
		3E37A5D319DF918200BED294 /* MessageFieldParser.cpp in Sources */ = {isa = PBXBuildFile; fileRef = 3E37A5D119DF918200BED294 /* MessageFieldParser.cpp */; };
		3E37A5D419DF918200BED294 /* MessageFieldParser.h in Headers */ = {isa = PBXBuildFile; fileRef = 3E37A5D219DF918200BED294 /* MessageFieldParser.h */; };
		3E37A5D919DFA3DE00BED294 /* MessageFieldParserScenarios.cpp in Sources */ = {isa = PBXBuildFile; fileRef = 3E37A5D819DFA3DE00BED294 /* MessageFieldParserScenarios.cpp */; };
		3E50659F19EB4B40006C86B6 /* ImportParserScenarios.cpp in Sources */ = {isa = PBXBuildFile; fileRef = 3E50659E19EB4B40006C86B6 /* ImportParserScenarios.cpp */; };
		3E652BE51A19AECE004DA5FF /* ProtoBaseTemplateCPP.h in Headers */ = {isa = PBXBuildFile; fileRef = 3E652BE31A19AECE004DA5FF /* ProtoBaseTemplateCPP.h */; };
		3E72E7EC19FC8751007EC254 /* libboost_filesystem-mt.a in Frameworks */ = {isa = PBXBuildFile; fileRef = 3E72E7EB19FC8751007EC254 /* libboost_filesystem-mt.a */; };
		3E72E7EE19FC8829007EC254 /* libboost_system-mt.a in Frameworks */ = {isa = PBXBuildFile; fileRef = 3E72E7ED19FC8829007EC254 /* libboost_system-mt.a */; };
		3E817D7019F34D7C002A331E /* CodeGeneratorManagerScenarios.cpp in Sources */ = {isa = PBXBuildFile; fileRef = 3E817D6F19F34D7C002A331E /* CodeGeneratorManagerScenarios.cpp */; };
		3E817D7219F34DD3002A331E /* CodeGeneratorCPPScenarios.cpp in Sources */ = {isa = PBXBuildFile; fileRef = 3E817D7119F34DD3002A331E /* CodeGeneratorCPPScenarios.cpp */; };
		3E8422B919E8C91800FA1222 /* OptionGroupParser.cpp in Sources */ = {isa = PBXBuildFile; fileRef = 3E8422B719E8C91800FA1222 /* OptionGroupParser.cpp */; };
		3E8422BA19E8C91800FA1222 /* OptionGroupParser.h in Headers */ = {isa = PBXBuildFile; fileRef = 3E8422B819E8C91800FA1222 /* OptionGroupParser.h */; };
		3E9888D219D2945B00505B28 /* ProtoModelScenarios.cpp in Sources */ = {isa = PBXBuildFile; fileRef = 3E9888D119D2945B00505B28 /* ProtoModelScenarios.cpp */; };
		3E9888D419D2971F00505B28 /* ProtoParserScenarios.cpp in Sources */ = {isa = PBXBuildFile; fileRef = 3E9888D319D2971F00505B28 /* ProtoParserScenarios.cpp */; };
		3E9B75BB19E77E94004B59A7 /* OptionModel.cpp in Sources */ = {isa = PBXBuildFile; fileRef = 3E9B75B919E77E94004B59A7 /* OptionModel.cpp */; };
		3E9B75BC19E77E94004B59A7 /* OptionModel.h in Headers */ = {isa = PBXBuildFile; fileRef = 3E9B75BA19E77E94004B59A7 /* OptionModel.h */; };
		3E9B75BF19E7809A004B59A7 /* OptionValueParser.cpp in Sources */ = {isa = PBXBuildFile; fileRef = 3E9B75BD19E7809A004B59A7 /* OptionValueParser.cpp */; };
		3E9B75C019E7809A004B59A7 /* OptionValueParser.h in Headers */ = {isa = PBXBuildFile; fileRef = 3E9B75BE19E7809A004B59A7 /* OptionValueParser.h */; };
		3E9B75C319E780D1004B59A7 /* OptionSingleParser.cpp in Sources */ = {isa = PBXBuildFile; fileRef = 3E9B75C119E780D1004B59A7 /* OptionSingleParser.cpp */; };
		3E9B75C419E780D1004B59A7 /* OptionSingleParser.h in Headers */ = {isa = PBXBuildFile; fileRef = 3E9B75C219E780D1004B59A7 /* OptionSingleParser.h */; };
		3E9EE99219D6634F00AEF047 /* PackageParser.cpp in Sources */ = {isa = PBXBuildFile; fileRef = 3E9EE99019D6634F00AEF047 /* PackageParser.cpp */; };
		3E9EE99319D6634F00AEF047 /* PackageParser.h in Headers */ = {isa = PBXBuildFile; fileRef = 3E9EE99119D6634F00AEF047 /* PackageParser.h */; };
		3E9EE99619D6636B00AEF047 /* MessageParser.cpp in Sources */ = {isa = PBXBuildFile; fileRef = 3E9EE99419D6636B00AEF047 /* MessageParser.cpp */; };
		3E9EE99719D6636B00AEF047 /* MessageParser.h in Headers */ = {isa = PBXBuildFile; fileRef = 3E9EE99519D6636B00AEF047 /* MessageParser.h */; };
		3E9EE99A19D663D000AEF047 /* MessageModel.cpp in Sources */ = {isa = PBXBuildFile; fileRef = 3E9EE99819D663D000AEF047 /* MessageModel.cpp */; };
		3E9EE99B19D663D000AEF047 /* MessageModel.h in Headers */ = {isa = PBXBuildFile; fileRef = 3E9EE99919D663D000AEF047 /* MessageModel.h */; };
		3EB0EBCA19E225CD0097929D /* OneofModel.cpp in Sources */ = {isa = PBXBuildFile; fileRef = 3EB0EBC819E225CD0097929D /* OneofModel.cpp */; };
		3EB0EBCB19E225CD0097929D /* OneofModel.h in Headers */ = {isa = PBXBuildFile; fileRef = 3EB0EBC919E225CD0097929D /* OneofModel.h */; };
		3EB0EBCE19E225F40097929D /* OneofParser.cpp in Sources */ = {isa = PBXBuildFile; fileRef = 3EB0EBCC19E225F40097929D /* OneofParser.cpp */; };
		3EB0EBCF19E225F40097929D /* OneofParser.h in Headers */ = {isa = PBXBuildFile; fileRef = 3EB0EBCD19E225F40097929D /* OneofParser.h */; };
		3EB0EBD219E235810097929D /* OneofFieldParser.cpp in Sources */ = {isa = PBXBuildFile; fileRef = 3EB0EBD019E235810097929D /* OneofFieldParser.cpp */; };
		3EB0EBD319E235810097929D /* OneofFieldParser.h in Headers */ = {isa = PBXBuildFile; fileRef = 3EB0EBD119E235810097929D /* OneofFieldParser.h */; };
		3EB0EBD819E23E580097929D /* OneofParserScenarios.cpp in Sources */ = {isa = PBXBuildFile; fileRef = 3EB0EBD719E23E580097929D /* OneofParserScenarios.cpp */; };
		3EB0FA2419DA4B66003633C8 /* ParserManager.cpp in Sources */ = {isa = PBXBuildFile; fileRef = 3EB0FA2219DA4B65003633C8 /* ParserManager.cpp */; };
		3EB0FA2519DA4B66003633C8 /* ParserManager.h in Headers */ = {isa = PBXBuildFile; fileRef = 3EB0FA2319DA4B65003633C8 /* ParserManager.h */; };
		3EC1F8DA19E4E24D0035376F /* EnumValueParserScenarios.cpp in Sources */ = {isa = PBXBuildFile; fileRef = 3EC1F8D919E4E24D0035376F /* EnumValueParserScenarios.cpp */; };
		3EC7155A1A09EE6900C19A3F /* Packageable.h in Headers */ = {isa = PBXBuildFile; fileRef = 3EC715591A09EE6900C19A3F /* Packageable.h */; };
		3ECE389D19DBAA3100A042B4 /* EnumParser.cpp in Sources */ = {isa = PBXBuildFile; fileRef = 3ECE389B19DBAA3100A042B4 /* EnumParser.cpp */; };
		3ECE389E19DBAA3100A042B4 /* EnumParser.h in Headers */ = {isa = PBXBuildFile; fileRef = 3ECE389C19DBAA3100A042B4 /* EnumParser.h */; };
		3ECE38A119DBAAEF00A042B4 /* EnumModel.cpp in Sources */ = {isa = PBXBuildFile; fileRef = 3ECE389F19DBAAEF00A042B4 /* EnumModel.cpp */; };
		3ECE38A219DBAAEF00A042B4 /* EnumModel.h in Headers */ = {isa = PBXBuildFile; fileRef = 3ECE38A019DBAAEF00A042B4 /* EnumModel.h */; };
		3EDF794B19D7663F00AD2103 /* PackageParserScenarios.cpp in Sources */ = {isa = PBXBuildFile; fileRef = 3EDF794A19D7663F00AD2103 /* PackageParserScenarios.cpp */; };
		3EDF794D19D7666800AD2103 /* MessageParserScenarios.cpp in Sources */ = {isa = PBXBuildFile; fileRef = 3EDF794C19D7666800AD2103 /* MessageParserScenarios.cpp */; };
		3EE5ACC819E39604001AEC6C /* EnumValueModel.cpp in Sources */ = {isa = PBXBuildFile; fileRef = 3EE5ACC619E39604001AEC6C /* EnumValueModel.cpp */; };
		3EE5ACC919E39604001AEC6C /* EnumValueModel.h in Headers */ = {isa = PBXBuildFile; fileRef = 3EE5ACC719E39604001AEC6C /* EnumValueModel.h */; };
		3EE5ACCC19E39621001AEC6C /* EnumValueParser.cpp in Sources */ = {isa = PBXBuildFile; fileRef = 3EE5ACCA19E39621001AEC6C /* EnumValueParser.cpp */; };
		3EE5ACCD19E39621001AEC6C /* EnumValueParser.h in Headers */ = {isa = PBXBuildFile; fileRef = 3EE5ACCB19E39621001AEC6C /* EnumValueParser.h */; };
		3EE9089419C9339C00C75919 /* ProtoParser.cpp in Sources */ = {isa = PBXBuildFile; fileRef = 3EE9089219C9339C00C75919 /* ProtoParser.cpp */; };
		3EE9089519C9339C00C75919 /* ProtoParser.h in Headers */ = {isa = PBXBuildFile; fileRef = 3EE9089319C9339C00C75919 /* ProtoParser.h */; };
		3EE9089819C9361400C75919 /* ProtoModel.cpp in Sources */ = {isa = PBXBuildFile; fileRef = 3EE9089619C9361400C75919 /* ProtoModel.cpp */; };
		3EE9089919C9361400C75919 /* ProtoModel.h in Headers */ = {isa = PBXBuildFile; fileRef = 3EE9089719C9361400C75919 /* ProtoModel.h */; };
		3EE9C53919EA135B008EF427 /* OptionParserScenarios.cpp in Sources */ = {isa = PBXBuildFile; fileRef = 3EE9C53819EA135B008EF427 /* OptionParserScenarios.cpp */; };
		3EF78A4919C5321E00976ADA /* main.cpp in Sources */ = {isa = PBXBuildFile; fileRef = 3EF78A4819C5321E00976ADA /* main.cpp */; };
		3EF78A5419C5396300976ADA /* TokenReaderScenarios.cpp in Sources */ = {isa = PBXBuildFile; fileRef = 3EF78A5219C5396300976ADA /* TokenReaderScenarios.cpp */; };
		3EF78A6619C53DAF00976ADA /* TokenReader.cpp in Sources */ = {isa = PBXBuildFile; fileRef = 3E1B9A2519C1569F00AAAA0D /* TokenReader.cpp */; };
		3EF78A6C19C5408600976ADA /* libProtocol.a in Frameworks */ = {isa = PBXBuildFile; fileRef = 3EF78A6119C53BD800976ADA /* libProtocol.a */; };
		3EFCB8A719F2074100771D5B /* CodeGeneratorManager.cpp in Sources */ = {isa = PBXBuildFile; fileRef = 3EFCB8A519F2074100771D5B /* CodeGeneratorManager.cpp */; };
		3EFCB8A819F2074100771D5B /* CodeGeneratorManager.h in Headers */ = {isa = PBXBuildFile; fileRef = 3EFCB8A619F2074100771D5B /* CodeGeneratorManager.h */; };
		3EFCB8AB19F20B1400771D5B /* CodeGeneratorCPP.cpp in Sources */ = {isa = PBXBuildFile; fileRef = 3EFCB8A919F20B1400771D5B /* CodeGeneratorCPP.cpp */; };
		3EFCB8AC19F20B1400771D5B /* CodeGeneratorCPP.h in Headers */ = {isa = PBXBuildFile; fileRef = 3EFCB8AA19F20B1400771D5B /* CodeGeneratorCPP.h */; };
/* End PBXBuildFile section */

/* Begin PBXCopyFilesBuildPhase section */
		3E08D6A11A4281F500D17E46 /* CopyFiles */ = {
			isa = PBXCopyFilesBuildPhase;
			buildActionMask = 2147483647;
			dstPath = /usr/share/man/man1/;
			dstSubfolderSpec = 0;
			files = (
			);
			runOnlyForDeploymentPostprocessing = 1;
		};
		3EF78A4419C5321D00976ADA /* CopyFiles */ = {
			isa = PBXCopyFilesBuildPhase;
			buildActionMask = 2147483647;
			dstPath = /usr/share/man/man1/;
			dstSubfolderSpec = 0;
			files = (
			);
			runOnlyForDeploymentPostprocessing = 1;
		};
/* End PBXCopyFilesBuildPhase section */

/* Begin PBXFileReference section */
		3E03213019EB16D900E21D52 /* OptionValueFloat.proto */ = {isa = PBXFileReference; fileEncoding = 4; lastKnownFileType = text; path = OptionValueFloat.proto; sourceTree = "<group>"; };
		3E03213219EB16F800E21D52 /* OptionValueString.proto */ = {isa = PBXFileReference; fileEncoding = 4; lastKnownFileType = text; path = OptionValueString.proto; sourceTree = "<group>"; };
		3E03213319EB20FB00E21D52 /* ImportParser.cpp */ = {isa = PBXFileReference; fileEncoding = 4; lastKnownFileType = sourcecode.cpp.cpp; path = ImportParser.cpp; sourceTree = "<group>"; };
		3E03213419EB20FB00E21D52 /* ImportParser.h */ = {isa = PBXFileReference; fileEncoding = 4; lastKnownFileType = sourcecode.c.h; path = ImportParser.h; sourceTree = "<group>"; };
		3E05239919F00C68000493EB /* CodeGeneratorInterface.h */ = {isa = PBXFileReference; lastKnownFileType = sourcecode.c.h; path = CodeGeneratorInterface.h; sourceTree = "<group>"; };
		3E08D6A31A4281F500D17E46 /* ProtocolGeneratedDesign */ = {isa = PBXFileReference; explicitFileType = "compiled.mach-o.executable"; includeInIndex = 0; path = ProtocolGeneratedDesign; sourceTree = BUILT_PRODUCTS_DIR; };
		3E08D6A51A4281F500D17E46 /* main.cpp */ = {isa = PBXFileReference; lastKnownFileType = sourcecode.cpp.cpp; path = main.cpp; sourceTree = "<group>"; };
		3E08D6AC1A4284DB00D17E46 /* Message.protocol.cpp */ = {isa = PBXFileReference; fileEncoding = 4; lastKnownFileType = sourcecode.cpp.cpp; path = Message.protocol.cpp; sourceTree = "<group>"; };
		3E08D6AD1A4284DB00D17E46 /* Message.protocol.h */ = {isa = PBXFileReference; fileEncoding = 4; lastKnownFileType = sourcecode.c.h; path = Message.protocol.h; sourceTree = "<group>"; };
		3E0D56BF19F602C8003AE7E7 /* EnumModelContainer.h */ = {isa = PBXFileReference; lastKnownFileType = sourcecode.c.h; path = EnumModelContainer.h; sourceTree = "<group>"; };
		3E0EAFB419FD6D96008E6F7C /* CodeWriterCPP.h */ = {isa = PBXFileReference; lastKnownFileType = sourcecode.c.h; path = CodeWriterCPP.h; sourceTree = "<group>"; };
		3E1B9A2519C1569F00AAAA0D /* TokenReader.cpp */ = {isa = PBXFileReference; fileEncoding = 4; lastKnownFileType = sourcecode.cpp.cpp; path = TokenReader.cpp; sourceTree = "<group>"; };
		3E1B9A2619C1569F00AAAA0D /* TokenReader.h */ = {isa = PBXFileReference; fileEncoding = 4; lastKnownFileType = sourcecode.c.h; path = TokenReader.h; sourceTree = "<group>"; };
		3E28C49719C5FF0B00D5F4FD /* EmptyCommentSingleLine.proto */ = {isa = PBXFileReference; lastKnownFileType = text; path = EmptyCommentSingleLine.proto; sourceTree = "<group>"; };
		3E28C49819C5FF2800D5F4FD /* EmptyCommentMultiLine.proto */ = {isa = PBXFileReference; lastKnownFileType = text; path = EmptyCommentMultiLine.proto; sourceTree = "<group>"; };
		3E28C49919C5FF6F00D5F4FD /* Text.proto */ = {isa = PBXFileReference; lastKnownFileType = text; path = Text.proto; sourceTree = "<group>"; };
		3E28C49A19C6010900D5F4FD /* MessageWhitespace.proto */ = {isa = PBXFileReference; lastKnownFileType = text; path = MessageWhitespace.proto; sourceTree = "<group>"; };
		3E28C49B19C602D000D5F4FD /* TextWhitespace.proto */ = {isa = PBXFileReference; lastKnownFileType = text; path = TextWhitespace.proto; sourceTree = "<group>"; };
		3E28C49C19C6061100D5F4FD /* MessageComment.proto */ = {isa = PBXFileReference; lastKnownFileType = text; path = MessageComment.proto; sourceTree = "<group>"; };
		3E28C49D19C6068800D5F4FD /* EmptyComment.proto */ = {isa = PBXFileReference; lastKnownFileType = text; path = EmptyComment.proto; sourceTree = "<group>"; };
		3E28C49E19C6094400D5F4FD /* EmptyCommentSingleLineEOF.proto */ = {isa = PBXFileReference; lastKnownFileType = text; path = EmptyCommentSingleLineEOF.proto; sourceTree = "<group>"; };
		3E28C49F19C60EF800D5F4FD /* EmptyCommentMultiLineEOF.proto */ = {isa = PBXFileReference; lastKnownFileType = text; path = EmptyCommentMultiLineEOF.proto; sourceTree = "<group>"; };
		3E28C4A019C610A900D5F4FD /* TextCommentSingleLineEOF.proto */ = {isa = PBXFileReference; lastKnownFileType = text; path = TextCommentSingleLineEOF.proto; sourceTree = "<group>"; };
		3E28C4A119C6110900D5F4FD /* TextCommentSingleLine.proto */ = {isa = PBXFileReference; lastKnownFileType = text; path = TextCommentSingleLine.proto; sourceTree = "<group>"; };
		3E28C4A219C6116800D5F4FD /* TextCommentMultiLine.proto */ = {isa = PBXFileReference; lastKnownFileType = text; path = TextCommentMultiLine.proto; sourceTree = "<group>"; };
		3E28C4A319C6119800D5F4FD /* TextCommentMultiLineEOF.proto */ = {isa = PBXFileReference; lastKnownFileType = text; path = TextCommentMultiLineEOF.proto; sourceTree = "<group>"; };
		3E2D269A19C7E43500BD2302 /* TextString.proto */ = {isa = PBXFileReference; fileEncoding = 4; lastKnownFileType = text; path = TextString.proto; sourceTree = "<group>"; };
		3E2D269B19C7E62D00BD2302 /* TextStringEOF.proto */ = {isa = PBXFileReference; fileEncoding = 4; lastKnownFileType = text; path = TextStringEOF.proto; sourceTree = "<group>"; };
		3E2D269C19C7E64B00BD2302 /* TextStringMultiLine.proto */ = {isa = PBXFileReference; fileEncoding = 4; lastKnownFileType = text; path = TextStringMultiLine.proto; sourceTree = "<group>"; };
		3E2D269D19C7F0F200BD2302 /* Package.proto */ = {isa = PBXFileReference; fileEncoding = 4; lastKnownFileType = text; path = Package.proto; sourceTree = "<group>"; };
		3E3051D419DCEB9D008245F5 /* Enum.proto */ = {isa = PBXFileReference; fileEncoding = 4; lastKnownFileType = text; path = Enum.proto; sourceTree = "<group>"; };
		3E3051D919DCEC19008245F5 /* EnumMultiple.proto */ = {isa = PBXFileReference; fileEncoding = 4; lastKnownFileType = text; path = EnumMultiple.proto; sourceTree = "<group>"; };
		3E3051DA19DCEC38008245F5 /* EnumMultiplePackage.proto */ = {isa = PBXFileReference; fileEncoding = 4; lastKnownFileType = text; path = EnumMultiplePackage.proto; sourceTree = "<group>"; };
		3E3051DB19DCED6A008245F5 /* EnumParserScenarios.cpp */ = {isa = PBXFileReference; fileEncoding = 4; lastKnownFileType = sourcecode.cpp.cpp; path = EnumParserScenarios.cpp; sourceTree = "<group>"; };
		3E37A5CD19DF916600BED294 /* MessageFieldModel.cpp */ = {isa = PBXFileReference; fileEncoding = 4; lastKnownFileType = sourcecode.cpp.cpp; path = MessageFieldModel.cpp; sourceTree = "<group>"; };
		3E37A5CE19DF916600BED294 /* MessageFieldModel.h */ = {isa = PBXFileReference; fileEncoding = 4; lastKnownFileType = sourcecode.c.h; path = MessageFieldModel.h; sourceTree = "<group>"; };
		3E37A5D119DF918200BED294 /* MessageFieldParser.cpp */ = {isa = PBXFileReference; fileEncoding = 4; lastKnownFileType = sourcecode.cpp.cpp; path = MessageFieldParser.cpp; sourceTree = "<group>"; };
		3E37A5D219DF918200BED294 /* MessageFieldParser.h */ = {isa = PBXFileReference; fileEncoding = 4; lastKnownFileType = sourcecode.c.h; path = MessageFieldParser.h; sourceTree = "<group>"; };
		3E37A5D519DFA26E00BED294 /* MessageField.proto */ = {isa = PBXFileReference; fileEncoding = 4; lastKnownFileType = text; path = MessageField.proto; sourceTree = "<group>"; };
		3E37A5D719DFA29700BED294 /* MessageFieldMultiple.proto */ = {isa = PBXFileReference; fileEncoding = 4; lastKnownFileType = text; path = MessageFieldMultiple.proto; sourceTree = "<group>"; };
		3E37A5D819DFA3DE00BED294 /* MessageFieldParserScenarios.cpp */ = {isa = PBXFileReference; fileEncoding = 4; lastKnownFileType = sourcecode.cpp.cpp; path = MessageFieldParserScenarios.cpp; sourceTree = "<group>"; };
		3E4B302319F7655500D89346 /* MessageModelContainer.h */ = {isa = PBXFileReference; lastKnownFileType = sourcecode.c.h; path = MessageModelContainer.h; sourceTree = "<group>"; };
		3E4D63F919F403ED0091CBBE /* OptionModelContainer.h */ = {isa = PBXFileReference; lastKnownFileType = sourcecode.c.h; path = OptionModelContainer.h; sourceTree = "<group>"; };
		3E4D63FA19F4A4C20091CBBE /* EnumValueModelContainer.h */ = {isa = PBXFileReference; lastKnownFileType = sourcecode.c.h; path = EnumValueModelContainer.h; sourceTree = "<group>"; };
		3E4D63FB19F4BEB50091CBBE /* MessageFieldModelContainer.h */ = {isa = PBXFileReference; lastKnownFileType = sourcecode.c.h; path = MessageFieldModelContainer.h; sourceTree = "<group>"; };
		3E4ECEE019EAEE8C00739243 /* MessageFieldQualified.proto */ = {isa = PBXFileReference; fileEncoding = 4; lastKnownFileType = text; path = MessageFieldQualified.proto; sourceTree = "<group>"; };
		3E4ECEE219EAEF9700739243 /* MessageOneofQualified.proto */ = {isa = PBXFileReference; fileEncoding = 4; lastKnownFileType = text; path = MessageOneofQualified.proto; sourceTree = "<group>"; };
		3E50659A19EB49E5006C86B6 /* ImportNone.proto */ = {isa = PBXFileReference; fileEncoding = 4; lastKnownFileType = text; path = ImportNone.proto; sourceTree = "<group>"; };
		3E50659C19EB4A10006C86B6 /* ImportPrivate.proto */ = {isa = PBXFileReference; fileEncoding = 4; lastKnownFileType = text; path = ImportPrivate.proto; sourceTree = "<group>"; };
		3E50659D19EB4A25006C86B6 /* ImportPublic.proto */ = {isa = PBXFileReference; fileEncoding = 4; lastKnownFileType = text; path = ImportPublic.proto; sourceTree = "<group>"; };
		3E50659E19EB4B40006C86B6 /* ImportParserScenarios.cpp */ = {isa = PBXFileReference; fileEncoding = 4; lastKnownFileType = sourcecode.cpp.cpp; path = ImportParserScenarios.cpp; sourceTree = "<group>"; };
		3E5B5C4419D8CEB6006EEE50 /* PackageRedefined.proto */ = {isa = PBXFileReference; fileEncoding = 4; lastKnownFileType = text; path = PackageRedefined.proto; sourceTree = "<group>"; };
		3E5B5C4619D8D0B6006EEE50 /* MessageMultiple.proto */ = {isa = PBXFileReference; fileEncoding = 4; lastKnownFileType = text; path = MessageMultiple.proto; sourceTree = "<group>"; };
		3E5B5C4A19D8F0F3006EEE50 /* MessageMultiplePackage.proto */ = {isa = PBXFileReference; fileEncoding = 4; lastKnownFileType = text; path = MessageMultiplePackage.proto; sourceTree = "<group>"; };
		3E5B5C4C19D8F79B006EEE50 /* MessageNested.proto */ = {isa = PBXFileReference; fileEncoding = 4; lastKnownFileType = text; path = MessageNested.proto; sourceTree = "<group>"; };
		3E5B9CBE1A0C7C0A00AD9D73 /* MessageFieldReference.proto */ = {isa = PBXFileReference; fileEncoding = 4; lastKnownFileType = text; path = MessageFieldReference.proto; sourceTree = "<group>"; };
		3E6268A81A1C53000059E8A8 /* CodeGeneratorUtilityCPP.h */ = {isa = PBXFileReference; lastKnownFileType = sourcecode.c.h; path = CodeGeneratorUtilityCPP.h; sourceTree = "<group>"; };
		3E652BE31A19AECE004DA5FF /* ProtoBaseTemplateCPP.h */ = {isa = PBXFileReference; fileEncoding = 4; lastKnownFileType = sourcecode.c.h; path = ProtoBaseTemplateCPP.h; sourceTree = "<group>"; };
		3E652BE71A1C4A67004DA5FF /* CodeGeneratorPrologCPP.cpp */ = {isa = PBXFileReference; lastKnownFileType = sourcecode.cpp.cpp; path = CodeGeneratorPrologCPP.cpp; sourceTree = "<group>"; };
		3E6A2B1A1A05AF5D009C8DB3 /* Nameable.h */ = {isa = PBXFileReference; lastKnownFileType = sourcecode.c.h; path = Nameable.h; sourceTree = "<group>"; };
		3E72E7EB19FC8751007EC254 /* libboost_filesystem-mt.a */ = {isa = PBXFileReference; lastKnownFileType = archive.ar; name = "libboost_filesystem-mt.a"; path = "../../../../../opt/local/lib/libboost_filesystem-mt.a"; sourceTree = "<group>"; };
		3E72E7ED19FC8829007EC254 /* libboost_system-mt.a */ = {isa = PBXFileReference; lastKnownFileType = archive.ar; name = "libboost_system-mt.a"; path = "../../../../../opt/local/lib/libboost_system-mt.a"; sourceTree = "<group>"; };
		3E72E7EF19FCA364007EC254 /* CodeIndenter.h */ = {isa = PBXFileReference; lastKnownFileType = sourcecode.c.h; path = CodeIndenter.h; sourceTree = "<group>"; };
		3E7B429B1A0EA264005D2FD6 /* Nestable.h */ = {isa = PBXFileReference; lastKnownFileType = sourcecode.c.h; path = Nestable.h; sourceTree = "<group>"; };
		3E817D6F19F34D7C002A331E /* CodeGeneratorManagerScenarios.cpp */ = {isa = PBXFileReference; fileEncoding = 4; lastKnownFileType = sourcecode.cpp.cpp; path = CodeGeneratorManagerScenarios.cpp; sourceTree = "<group>"; };
		3E817D7119F34DD3002A331E /* CodeGeneratorCPPScenarios.cpp */ = {isa = PBXFileReference; fileEncoding = 4; lastKnownFileType = sourcecode.cpp.cpp; path = CodeGeneratorCPPScenarios.cpp; sourceTree = "<group>"; };
		3E8422B719E8C91800FA1222 /* OptionGroupParser.cpp */ = {isa = PBXFileReference; fileEncoding = 4; lastKnownFileType = sourcecode.cpp.cpp; path = OptionGroupParser.cpp; sourceTree = "<group>"; };
		3E8422B819E8C91800FA1222 /* OptionGroupParser.h */ = {isa = PBXFileReference; fileEncoding = 4; lastKnownFileType = sourcecode.c.h; path = OptionGroupParser.h; sourceTree = "<group>"; };
		3E9888D119D2945B00505B28 /* ProtoModelScenarios.cpp */ = {isa = PBXFileReference; fileEncoding = 4; lastKnownFileType = sourcecode.cpp.cpp; path = ProtoModelScenarios.cpp; sourceTree = "<group>"; };
		3E9888D319D2971F00505B28 /* ProtoParserScenarios.cpp */ = {isa = PBXFileReference; fileEncoding = 4; lastKnownFileType = sourcecode.cpp.cpp; path = ProtoParserScenarios.cpp; sourceTree = "<group>"; };
		3E9B75B919E77E94004B59A7 /* OptionModel.cpp */ = {isa = PBXFileReference; fileEncoding = 4; lastKnownFileType = sourcecode.cpp.cpp; path = OptionModel.cpp; sourceTree = "<group>"; };
		3E9B75BA19E77E94004B59A7 /* OptionModel.h */ = {isa = PBXFileReference; fileEncoding = 4; lastKnownFileType = sourcecode.c.h; path = OptionModel.h; sourceTree = "<group>"; };
		3E9B75BD19E7809A004B59A7 /* OptionValueParser.cpp */ = {isa = PBXFileReference; fileEncoding = 4; lastKnownFileType = sourcecode.cpp.cpp; path = OptionValueParser.cpp; sourceTree = "<group>"; };
		3E9B75BE19E7809A004B59A7 /* OptionValueParser.h */ = {isa = PBXFileReference; fileEncoding = 4; lastKnownFileType = sourcecode.c.h; path = OptionValueParser.h; sourceTree = "<group>"; };
		3E9B75C119E780D1004B59A7 /* OptionSingleParser.cpp */ = {isa = PBXFileReference; fileEncoding = 4; lastKnownFileType = sourcecode.cpp.cpp; path = OptionSingleParser.cpp; sourceTree = "<group>"; };
		3E9B75C219E780D1004B59A7 /* OptionSingleParser.h */ = {isa = PBXFileReference; fileEncoding = 4; lastKnownFileType = sourcecode.c.h; path = OptionSingleParser.h; sourceTree = "<group>"; };
		3E9E516B19FB435300E95207 /* OneofModelContainer.h */ = {isa = PBXFileReference; lastKnownFileType = sourcecode.c.h; path = OneofModelContainer.h; sourceTree = "<group>"; };
		3E9EE99019D6634F00AEF047 /* PackageParser.cpp */ = {isa = PBXFileReference; fileEncoding = 4; lastKnownFileType = sourcecode.cpp.cpp; path = PackageParser.cpp; sourceTree = "<group>"; };
		3E9EE99119D6634F00AEF047 /* PackageParser.h */ = {isa = PBXFileReference; fileEncoding = 4; lastKnownFileType = sourcecode.c.h; path = PackageParser.h; sourceTree = "<group>"; };
		3E9EE99419D6636B00AEF047 /* MessageParser.cpp */ = {isa = PBXFileReference; fileEncoding = 4; lastKnownFileType = sourcecode.cpp.cpp; path = MessageParser.cpp; sourceTree = "<group>"; };
		3E9EE99519D6636B00AEF047 /* MessageParser.h */ = {isa = PBXFileReference; fileEncoding = 4; lastKnownFileType = sourcecode.c.h; path = MessageParser.h; sourceTree = "<group>"; };
		3E9EE99819D663D000AEF047 /* MessageModel.cpp */ = {isa = PBXFileReference; fileEncoding = 4; lastKnownFileType = sourcecode.cpp.cpp; path = MessageModel.cpp; sourceTree = "<group>"; };
		3E9EE99919D663D000AEF047 /* MessageModel.h */ = {isa = PBXFileReference; fileEncoding = 4; lastKnownFileType = sourcecode.c.h; path = MessageModel.h; sourceTree = "<group>"; };
		3E9EE99C19D6680E00AEF047 /* ParserInterface.h */ = {isa = PBXFileReference; lastKnownFileType = sourcecode.c.h; path = ParserInterface.h; sourceTree = "<group>"; };
		3EA6589919D25D970057E591 /* TextCommentNoSpace.proto */ = {isa = PBXFileReference; fileEncoding = 4; lastKnownFileType = text; path = TextCommentNoSpace.proto; sourceTree = "<group>"; };
		3EA6589B19D25FB60057E591 /* TextStringEmpty.proto */ = {isa = PBXFileReference; fileEncoding = 4; lastKnownFileType = text; path = TextStringEmpty.proto; sourceTree = "<group>"; };
		3EA6589C19D261960057E591 /* TextStringEndingEscape.proto */ = {isa = PBXFileReference; fileEncoding = 4; lastKnownFileType = text; path = TextStringEndingEscape.proto; sourceTree = "<group>"; };
		3EA6589E19D26B220057E591 /* TextStringEndingQuote.proto */ = {isa = PBXFileReference; fileEncoding = 4; lastKnownFileType = text; path = TextStringEndingQuote.proto; sourceTree = "<group>"; };
		3EA658A019D26DAF0057E591 /* TextDelimiterMultiple.proto */ = {isa = PBXFileReference; fileEncoding = 4; lastKnownFileType = text; path = TextDelimiterMultiple.proto; sourceTree = "<group>"; };
		3EB0EBC819E225CD0097929D /* OneofModel.cpp */ = {isa = PBXFileReference; fileEncoding = 4; lastKnownFileType = sourcecode.cpp.cpp; path = OneofModel.cpp; sourceTree = "<group>"; };
		3EB0EBC919E225CD0097929D /* OneofModel.h */ = {isa = PBXFileReference; fileEncoding = 4; lastKnownFileType = sourcecode.c.h; path = OneofModel.h; sourceTree = "<group>"; };
		3EB0EBCC19E225F40097929D /* OneofParser.cpp */ = {isa = PBXFileReference; fileEncoding = 4; lastKnownFileType = sourcecode.cpp.cpp; path = OneofParser.cpp; sourceTree = "<group>"; };
		3EB0EBCD19E225F40097929D /* OneofParser.h */ = {isa = PBXFileReference; fileEncoding = 4; lastKnownFileType = sourcecode.c.h; path = OneofParser.h; sourceTree = "<group>"; };
		3EB0EBD019E235810097929D /* OneofFieldParser.cpp */ = {isa = PBXFileReference; fileEncoding = 4; lastKnownFileType = sourcecode.cpp.cpp; path = OneofFieldParser.cpp; sourceTree = "<group>"; };
		3EB0EBD119E235810097929D /* OneofFieldParser.h */ = {isa = PBXFileReference; fileEncoding = 4; lastKnownFileType = sourcecode.c.h; path = OneofFieldParser.h; sourceTree = "<group>"; };
		3EB0EBD419E23C560097929D /* MessageOneof.proto */ = {isa = PBXFileReference; fileEncoding = 4; lastKnownFileType = text; path = MessageOneof.proto; sourceTree = "<group>"; };
		3EB0EBD619E23C720097929D /* MessageOneofMultiple.proto */ = {isa = PBXFileReference; fileEncoding = 4; lastKnownFileType = text; path = MessageOneofMultiple.proto; sourceTree = "<group>"; };
		3EB0EBD719E23E580097929D /* OneofParserScenarios.cpp */ = {isa = PBXFileReference; fileEncoding = 4; lastKnownFileType = sourcecode.cpp.cpp; path = OneofParserScenarios.cpp; sourceTree = "<group>"; };
		3EB0FA2219DA4B65003633C8 /* ParserManager.cpp */ = {isa = PBXFileReference; fileEncoding = 4; lastKnownFileType = sourcecode.cpp.cpp; path = ParserManager.cpp; sourceTree = "<group>"; };
		3EB0FA2319DA4B65003633C8 /* ParserManager.h */ = {isa = PBXFileReference; fileEncoding = 4; lastKnownFileType = sourcecode.c.h; path = ParserManager.h; sourceTree = "<group>"; };
		3EC1F8D619E4DFE80035376F /* EnumValue.proto */ = {isa = PBXFileReference; fileEncoding = 4; lastKnownFileType = text; path = EnumValue.proto; sourceTree = "<group>"; };
		3EC1F8D819E4E02B0035376F /* EnumValueMultipleMessage.proto */ = {isa = PBXFileReference; fileEncoding = 4; lastKnownFileType = text; path = EnumValueMultipleMessage.proto; sourceTree = "<group>"; };
		3EC1F8D919E4E24D0035376F /* EnumValueParserScenarios.cpp */ = {isa = PBXFileReference; fileEncoding = 4; lastKnownFileType = sourcecode.cpp.cpp; path = EnumValueParserScenarios.cpp; sourceTree = "<group>"; };
		3EC715591A09EE6900C19A3F /* Packageable.h */ = {isa = PBXFileReference; fileEncoding = 4; lastKnownFileType = sourcecode.c.h; path = Packageable.h; sourceTree = "<group>"; };
		3ECE389B19DBAA3100A042B4 /* EnumParser.cpp */ = {isa = PBXFileReference; fileEncoding = 4; lastKnownFileType = sourcecode.cpp.cpp; path = EnumParser.cpp; sourceTree = "<group>"; };
		3ECE389C19DBAA3100A042B4 /* EnumParser.h */ = {isa = PBXFileReference; fileEncoding = 4; lastKnownFileType = sourcecode.c.h; path = EnumParser.h; sourceTree = "<group>"; };
		3ECE389F19DBAAEF00A042B4 /* EnumModel.cpp */ = {isa = PBXFileReference; fileEncoding = 4; lastKnownFileType = sourcecode.cpp.cpp; path = EnumModel.cpp; sourceTree = "<group>"; };
		3ECE38A019DBAAEF00A042B4 /* EnumModel.h */ = {isa = PBXFileReference; fileEncoding = 4; lastKnownFileType = sourcecode.c.h; path = EnumModel.h; sourceTree = "<group>"; };
		3ED087ED19C674B5001E4571 /* MessageEverything.proto */ = {isa = PBXFileReference; lastKnownFileType = text; path = MessageEverything.proto; sourceTree = "<group>"; };
		3ED087EE19C67D9C001E4571 /* MessageNamespace.proto */ = {isa = PBXFileReference; fileEncoding = 4; lastKnownFileType = text; path = MessageNamespace.proto; sourceTree = "<group>"; };
		3EDF794A19D7663F00AD2103 /* PackageParserScenarios.cpp */ = {isa = PBXFileReference; fileEncoding = 4; lastKnownFileType = sourcecode.cpp.cpp; path = PackageParserScenarios.cpp; sourceTree = "<group>"; };
		3EDF794C19D7666800AD2103 /* MessageParserScenarios.cpp */ = {isa = PBXFileReference; fileEncoding = 4; lastKnownFileType = sourcecode.cpp.cpp; path = MessageParserScenarios.cpp; sourceTree = "<group>"; };
		3EDF794E19D79E7200AD2103 /* InvalidProtoException.h */ = {isa = PBXFileReference; lastKnownFileType = sourcecode.c.h; path = InvalidProtoException.h; sourceTree = "<group>"; };
		3EE5ACC619E39604001AEC6C /* EnumValueModel.cpp */ = {isa = PBXFileReference; fileEncoding = 4; lastKnownFileType = sourcecode.cpp.cpp; path = EnumValueModel.cpp; sourceTree = "<group>"; };
		3EE5ACC719E39604001AEC6C /* EnumValueModel.h */ = {isa = PBXFileReference; fileEncoding = 4; lastKnownFileType = sourcecode.c.h; path = EnumValueModel.h; sourceTree = "<group>"; };
		3EE5ACCA19E39621001AEC6C /* EnumValueParser.cpp */ = {isa = PBXFileReference; fileEncoding = 4; lastKnownFileType = sourcecode.cpp.cpp; path = EnumValueParser.cpp; sourceTree = "<group>"; };
		3EE5ACCB19E39621001AEC6C /* EnumValueParser.h */ = {isa = PBXFileReference; fileEncoding = 4; lastKnownFileType = sourcecode.c.h; path = EnumValueParser.h; sourceTree = "<group>"; };
		3EE9089219C9339C00C75919 /* ProtoParser.cpp */ = {isa = PBXFileReference; fileEncoding = 4; lastKnownFileType = sourcecode.cpp.cpp; path = ProtoParser.cpp; sourceTree = "<group>"; };
		3EE9089319C9339C00C75919 /* ProtoParser.h */ = {isa = PBXFileReference; fileEncoding = 4; lastKnownFileType = sourcecode.c.h; path = ProtoParser.h; sourceTree = "<group>"; };
		3EE9089619C9361400C75919 /* ProtoModel.cpp */ = {isa = PBXFileReference; fileEncoding = 4; lastKnownFileType = sourcecode.cpp.cpp; path = ProtoModel.cpp; sourceTree = "<group>"; };
		3EE9089719C9361400C75919 /* ProtoModel.h */ = {isa = PBXFileReference; fileEncoding = 4; lastKnownFileType = sourcecode.c.h; path = ProtoModel.h; sourceTree = "<group>"; };
		3EE9C53019E9C64A008EF427 /* OptionProto.proto */ = {isa = PBXFileReference; fileEncoding = 4; lastKnownFileType = text; path = OptionProto.proto; sourceTree = "<group>"; };
		3EE9C53219E9C66F008EF427 /* OptionEnum.proto */ = {isa = PBXFileReference; fileEncoding = 4; lastKnownFileType = text; path = OptionEnum.proto; sourceTree = "<group>"; };
		3EE9C53319E9C692008EF427 /* OptionEnumValue.proto */ = {isa = PBXFileReference; fileEncoding = 4; lastKnownFileType = text; path = OptionEnumValue.proto; sourceTree = "<group>"; };
		3EE9C53419E9C6B9008EF427 /* OptionMessage.proto */ = {isa = PBXFileReference; fileEncoding = 4; lastKnownFileType = text; path = OptionMessage.proto; sourceTree = "<group>"; };
		3EE9C53519E9C6D2008EF427 /* OptionMessageField.proto */ = {isa = PBXFileReference; fileEncoding = 4; lastKnownFileType = text; path = OptionMessageField.proto; sourceTree = "<group>"; };
		3EE9C53619E9C6FE008EF427 /* OptionOneof.proto */ = {isa = PBXFileReference; fileEncoding = 4; lastKnownFileType = text; path = OptionOneof.proto; sourceTree = "<group>"; };
		3EE9C53719E9C714008EF427 /* OptionOneofField.proto */ = {isa = PBXFileReference; fileEncoding = 4; lastKnownFileType = text; path = OptionOneofField.proto; sourceTree = "<group>"; };
		3EE9C53819EA135B008EF427 /* OptionParserScenarios.cpp */ = {isa = PBXFileReference; fileEncoding = 4; lastKnownFileType = sourcecode.cpp.cpp; path = OptionParserScenarios.cpp; sourceTree = "<group>"; };
		3EEDCF0419DE3D6700D79A30 /* EnumMultipleMessage.proto */ = {isa = PBXFileReference; fileEncoding = 4; lastKnownFileType = text; path = EnumMultipleMessage.proto; sourceTree = "<group>"; };
		3EF78A3119C4EDB100976ADA /* Designer.h */ = {isa = PBXFileReference; lastKnownFileType = sourcecode.c.h; path = Designer.h; sourceTree = "<group>"; };
		3EF78A4619C5321D00976ADA /* ProtocolDesign */ = {isa = PBXFileReference; explicitFileType = "compiled.mach-o.executable"; includeInIndex = 0; path = ProtocolDesign; sourceTree = BUILT_PRODUCTS_DIR; };
		3EF78A4819C5321E00976ADA /* main.cpp */ = {isa = PBXFileReference; lastKnownFileType = sourcecode.cpp.cpp; path = main.cpp; sourceTree = "<group>"; };
		3EF78A5219C5396300976ADA /* TokenReaderScenarios.cpp */ = {isa = PBXFileReference; fileEncoding = 4; lastKnownFileType = sourcecode.cpp.cpp; path = TokenReaderScenarios.cpp; sourceTree = "<group>"; };
		3EF78A6119C53BD800976ADA /* libProtocol.a */ = {isa = PBXFileReference; explicitFileType = archive.ar; includeInIndex = 0; path = libProtocol.a; sourceTree = BUILT_PRODUCTS_DIR; };
		3EF78A6E19C5565F00976ADA /* Empty.proto */ = {isa = PBXFileReference; lastKnownFileType = text; path = Empty.proto; sourceTree = "<group>"; };
		3EF78A6F19C5588C00976ADA /* Message.proto */ = {isa = PBXFileReference; lastKnownFileType = text; path = Message.proto; sourceTree = "<group>"; };
		3EFCB8A519F2074100771D5B /* CodeGeneratorManager.cpp */ = {isa = PBXFileReference; fileEncoding = 4; lastKnownFileType = sourcecode.cpp.cpp; path = CodeGeneratorManager.cpp; sourceTree = "<group>"; };
		3EFCB8A619F2074100771D5B /* CodeGeneratorManager.h */ = {isa = PBXFileReference; fileEncoding = 4; lastKnownFileType = sourcecode.c.h; path = CodeGeneratorManager.h; sourceTree = "<group>"; };
		3EFCB8A919F20B1400771D5B /* CodeGeneratorCPP.cpp */ = {isa = PBXFileReference; fileEncoding = 4; lastKnownFileType = sourcecode.cpp.cpp; path = CodeGeneratorCPP.cpp; sourceTree = "<group>"; };
		3EFCB8AA19F20B1400771D5B /* CodeGeneratorCPP.h */ = {isa = PBXFileReference; fileEncoding = 4; lastKnownFileType = sourcecode.c.h; path = CodeGeneratorCPP.h; sourceTree = "<group>"; };
/* End PBXFileReference section */

/* Begin PBXFrameworksBuildPhase section */
		3E08D6A01A4281F500D17E46 /* Frameworks */ = {
			isa = PBXFrameworksBuildPhase;
			buildActionMask = 2147483647;
			files = (
				3E08D6AA1A42823600D17E46 /* libProtocol.a in Frameworks */,
			);
			runOnlyForDeploymentPostprocessing = 0;
		};
		3EF78A4319C5321D00976ADA /* Frameworks */ = {
			isa = PBXFrameworksBuildPhase;
			buildActionMask = 2147483647;
			files = (
				3EF78A6C19C5408600976ADA /* libProtocol.a in Frameworks */,
			);
			runOnlyForDeploymentPostprocessing = 0;
		};
		3EF78A5E19C53BD800976ADA /* Frameworks */ = {
			isa = PBXFrameworksBuildPhase;
			buildActionMask = 2147483647;
			files = (
				3E72E7EC19FC8751007EC254 /* libboost_filesystem-mt.a in Frameworks */,
				3E72E7EE19FC8829007EC254 /* libboost_system-mt.a in Frameworks */,
			);
			runOnlyForDeploymentPostprocessing = 0;
		};
/* End PBXFrameworksBuildPhase section */

/* Begin PBXGroup section */
		3E08D6A41A4281F500D17E46 /* ProtocolGeneratedDesign */ = {
			isa = PBXGroup;
			children = (
				3E08D6AB1A42833B00D17E46 /* Generated */,
				3E08D6A51A4281F500D17E46 /* main.cpp */,
			);
			path = ProtocolGeneratedDesign;
			sourceTree = "<group>";
		};
		3E08D6AB1A42833B00D17E46 /* Generated */ = {
			isa = PBXGroup;
			children = (
				3E08D6AC1A4284DB00D17E46 /* Message.protocol.cpp */,
				3E08D6AD1A4284DB00D17E46 /* Message.protocol.h */,
			);
			name = Generated;
			path = ProtocolDesign/Messages/Generated;
			sourceTree = SOURCE_ROOT;
		};
		3E606E5919BFF9C6009692B8 = {
			isa = PBXGroup;
			children = (
				3E72E7ED19FC8829007EC254 /* libboost_system-mt.a */,
				3E72E7EB19FC8751007EC254 /* libboost_filesystem-mt.a */,
				3EF78A2C19C4E9FA00976ADA /* Submodules */,
				3E606E6419BFF9C6009692B8 /* Protocol */,
				3EF78A4719C5321D00976ADA /* ProtocolDesign */,
				3E08D6A41A4281F500D17E46 /* ProtocolGeneratedDesign */,
				3E606E6319BFF9C6009692B8 /* Products */,
			);
			sourceTree = "<group>";
		};
		3E606E6319BFF9C6009692B8 /* Products */ = {
			isa = PBXGroup;
			children = (
				3EF78A4619C5321D00976ADA /* ProtocolDesign */,
				3EF78A6119C53BD800976ADA /* libProtocol.a */,
				3E08D6A31A4281F500D17E46 /* ProtocolGeneratedDesign */,
			);
			name = Products;
			sourceTree = "<group>";
		};
		3E606E6419BFF9C6009692B8 /* Protocol */ = {
			isa = PBXGroup;
			children = (
				3ECE389F19DBAAEF00A042B4 /* EnumModel.cpp */,
				3ECE38A019DBAAEF00A042B4 /* EnumModel.h */,
				3E0D56BF19F602C8003AE7E7 /* EnumModelContainer.h */,
				3ECE389B19DBAA3100A042B4 /* EnumParser.cpp */,
				3ECE389C19DBAA3100A042B4 /* EnumParser.h */,
				3EE5ACC619E39604001AEC6C /* EnumValueModel.cpp */,
				3EE5ACC719E39604001AEC6C /* EnumValueModel.h */,
				3E4D63FA19F4A4C20091CBBE /* EnumValueModelContainer.h */,
				3EE5ACCA19E39621001AEC6C /* EnumValueParser.cpp */,
				3EE5ACCB19E39621001AEC6C /* EnumValueParser.h */,
				3E03213319EB20FB00E21D52 /* ImportParser.cpp */,
				3E03213419EB20FB00E21D52 /* ImportParser.h */,
				3EDF794E19D79E7200AD2103 /* InvalidProtoException.h */,
				3E9EE99819D663D000AEF047 /* MessageModel.cpp */,
				3E9EE99919D663D000AEF047 /* MessageModel.h */,
				3E4B302319F7655500D89346 /* MessageModelContainer.h */,
				3E9EE99419D6636B00AEF047 /* MessageParser.cpp */,
				3E9EE99519D6636B00AEF047 /* MessageParser.h */,
				3E37A5CD19DF916600BED294 /* MessageFieldModel.cpp */,
				3E37A5CE19DF916600BED294 /* MessageFieldModel.h */,
				3E4D63FB19F4BEB50091CBBE /* MessageFieldModelContainer.h */,
				3E37A5D119DF918200BED294 /* MessageFieldParser.cpp */,
				3E37A5D219DF918200BED294 /* MessageFieldParser.h */,
				3E6A2B1A1A05AF5D009C8DB3 /* Nameable.h */,
				3E7B429B1A0EA264005D2FD6 /* Nestable.h */,
				3EC715591A09EE6900C19A3F /* Packageable.h */,
				3EB0EBC819E225CD0097929D /* OneofModel.cpp */,
				3EB0EBC919E225CD0097929D /* OneofModel.h */,
				3E9E516B19FB435300E95207 /* OneofModelContainer.h */,
				3EB0EBCC19E225F40097929D /* OneofParser.cpp */,
				3EB0EBCD19E225F40097929D /* OneofParser.h */,
				3EB0EBD019E235810097929D /* OneofFieldParser.cpp */,
				3EB0EBD119E235810097929D /* OneofFieldParser.h */,
				3E9B75B919E77E94004B59A7 /* OptionModel.cpp */,
				3E9B75BA19E77E94004B59A7 /* OptionModel.h */,
				3E4D63F919F403ED0091CBBE /* OptionModelContainer.h */,
				3E8422B719E8C91800FA1222 /* OptionGroupParser.cpp */,
				3E8422B819E8C91800FA1222 /* OptionGroupParser.h */,
				3E9B75C119E780D1004B59A7 /* OptionSingleParser.cpp */,
				3E9B75C219E780D1004B59A7 /* OptionSingleParser.h */,
				3E9B75BD19E7809A004B59A7 /* OptionValueParser.cpp */,
				3E9B75BE19E7809A004B59A7 /* OptionValueParser.h */,
				3E9EE99019D6634F00AEF047 /* PackageParser.cpp */,
				3E9EE99119D6634F00AEF047 /* PackageParser.h */,
				3E9EE99C19D6680E00AEF047 /* ParserInterface.h */,
				3EB0FA2219DA4B65003633C8 /* ParserManager.cpp */,
				3EB0FA2319DA4B65003633C8 /* ParserManager.h */,
				3EE9089619C9361400C75919 /* ProtoModel.cpp */,
				3EE9089719C9361400C75919 /* ProtoModel.h */,
				3EE9089219C9339C00C75919 /* ProtoParser.cpp */,
				3EE9089319C9339C00C75919 /* ProtoParser.h */,
				3E1B9A2519C1569F00AAAA0D /* TokenReader.cpp */,
				3E1B9A2619C1569F00AAAA0D /* TokenReader.h */,
				3E05239919F00C68000493EB /* CodeGeneratorInterface.h */,
				3EFCB8A519F2074100771D5B /* CodeGeneratorManager.cpp */,
				3EFCB8A619F2074100771D5B /* CodeGeneratorManager.h */,
				3EFCB8A919F20B1400771D5B /* CodeGeneratorCPP.cpp */,
				3EFCB8AA19F20B1400771D5B /* CodeGeneratorCPP.h */,
				3E6268A81A1C53000059E8A8 /* CodeGeneratorUtilityCPP.h */,
				3E652BE71A1C4A67004DA5FF /* CodeGeneratorPrologCPP.cpp */,
				3E72E7EF19FCA364007EC254 /* CodeIndenter.h */,
				3E0EAFB419FD6D96008E6F7C /* CodeWriterCPP.h */,
				3E652BE31A19AECE004DA5FF /* ProtoBaseTemplateCPP.h */,
			);
			path = Protocol;
			sourceTree = "<group>";
		};
		3EF78A2C19C4E9FA00976ADA /* Submodules */ = {
			isa = PBXGroup;
			children = (
				3EF78A2F19C4ED6500976ADA /* Designer */,
			);
			path = Submodules;
			sourceTree = "<group>";
		};
		3EF78A2F19C4ED6500976ADA /* Designer */ = {
			isa = PBXGroup;
			children = (
				3EF78A3019C4ED7900976ADA /* Designer */,
			);
			path = Designer;
			sourceTree = "<group>";
		};
		3EF78A3019C4ED7900976ADA /* Designer */ = {
			isa = PBXGroup;
			children = (
				3EF78A3119C4EDB100976ADA /* Designer.h */,
			);
			path = Designer;
			sourceTree = "<group>";
		};
		3EF78A4719C5321D00976ADA /* ProtocolDesign */ = {
			isa = PBXGroup;
			children = (
				3EF78A6D19C5558700976ADA /* Messages */,
				3EF78A4819C5321E00976ADA /* main.cpp */,
				3E3051DB19DCED6A008245F5 /* EnumParserScenarios.cpp */,
				3EC1F8D919E4E24D0035376F /* EnumValueParserScenarios.cpp */,
				3E50659E19EB4B40006C86B6 /* ImportParserScenarios.cpp */,
				3EDF794C19D7666800AD2103 /* MessageParserScenarios.cpp */,
				3E37A5D819DFA3DE00BED294 /* MessageFieldParserScenarios.cpp */,
				3EB0EBD719E23E580097929D /* OneofParserScenarios.cpp */,
				3EDF794A19D7663F00AD2103 /* PackageParserScenarios.cpp */,
				3E9888D119D2945B00505B28 /* ProtoModelScenarios.cpp */,
				3E9888D319D2971F00505B28 /* ProtoParserScenarios.cpp */,
				3EF78A5219C5396300976ADA /* TokenReaderScenarios.cpp */,
				3EE9C53819EA135B008EF427 /* OptionParserScenarios.cpp */,
				3E817D6F19F34D7C002A331E /* CodeGeneratorManagerScenarios.cpp */,
				3E817D7119F34DD3002A331E /* CodeGeneratorCPPScenarios.cpp */,
			);
			path = ProtocolDesign;
			sourceTree = "<group>";
		};
		3EF78A6D19C5558700976ADA /* Messages */ = {
			isa = PBXGroup;
			children = (
				3EF78A6E19C5565F00976ADA /* Empty.proto */,
				3E28C49719C5FF0B00D5F4FD /* EmptyCommentSingleLine.proto */,
				3E28C49E19C6094400D5F4FD /* EmptyCommentSingleLineEOF.proto */,
				3E28C49819C5FF2800D5F4FD /* EmptyCommentMultiLine.proto */,
				3E28C49F19C60EF800D5F4FD /* EmptyCommentMultiLineEOF.proto */,
				3E28C49D19C6068800D5F4FD /* EmptyComment.proto */,
				3E3051D419DCEB9D008245F5 /* Enum.proto */,
				3E3051D919DCEC19008245F5 /* EnumMultiple.proto */,
				3EEDCF0419DE3D6700D79A30 /* EnumMultipleMessage.proto */,
				3E3051DA19DCEC38008245F5 /* EnumMultiplePackage.proto */,
				3EC1F8D619E4DFE80035376F /* EnumValue.proto */,
				3EC1F8D819E4E02B0035376F /* EnumValueMultipleMessage.proto */,
				3E50659A19EB49E5006C86B6 /* ImportNone.proto */,
				3E50659C19EB4A10006C86B6 /* ImportPrivate.proto */,
				3E50659D19EB4A25006C86B6 /* ImportPublic.proto */,
				3EF78A6F19C5588C00976ADA /* Message.proto */,
				3E28C49A19C6010900D5F4FD /* MessageWhitespace.proto */,
				3E28C49C19C6061100D5F4FD /* MessageComment.proto */,
				3ED087EE19C67D9C001E4571 /* MessageNamespace.proto */,
				3ED087ED19C674B5001E4571 /* MessageEverything.proto */,
				3E5B5C4619D8D0B6006EEE50 /* MessageMultiple.proto */,
				3E5B5C4A19D8F0F3006EEE50 /* MessageMultiplePackage.proto */,
				3E5B5C4C19D8F79B006EEE50 /* MessageNested.proto */,
				3E37A5D519DFA26E00BED294 /* MessageField.proto */,
				3E37A5D719DFA29700BED294 /* MessageFieldMultiple.proto */,
				3E4ECEE019EAEE8C00739243 /* MessageFieldQualified.proto */,
				3E5B9CBE1A0C7C0A00AD9D73 /* MessageFieldReference.proto */,
				3EB0EBD419E23C560097929D /* MessageOneof.proto */,
				3EB0EBD619E23C720097929D /* MessageOneofMultiple.proto */,
				3E4ECEE219EAEF9700739243 /* MessageOneofQualified.proto */,
				3EE9C53219E9C66F008EF427 /* OptionEnum.proto */,
				3EE9C53319E9C692008EF427 /* OptionEnumValue.proto */,
				3EE9C53419E9C6B9008EF427 /* OptionMessage.proto */,
				3EE9C53519E9C6D2008EF427 /* OptionMessageField.proto */,
				3EE9C53619E9C6FE008EF427 /* OptionOneof.proto */,
				3EE9C53719E9C714008EF427 /* OptionOneofField.proto */,
				3EE9C53019E9C64A008EF427 /* OptionProto.proto */,
				3E03213019EB16D900E21D52 /* OptionValueFloat.proto */,
				3E03213219EB16F800E21D52 /* OptionValueString.proto */,
				3E2D269D19C7F0F200BD2302 /* Package.proto */,
				3E5B5C4419D8CEB6006EEE50 /* PackageRedefined.proto */,
				3E28C49919C5FF6F00D5F4FD /* Text.proto */,
				3E28C4A119C6110900D5F4FD /* TextCommentSingleLine.proto */,
				3E28C4A019C610A900D5F4FD /* TextCommentSingleLineEOF.proto */,
				3E28C4A219C6116800D5F4FD /* TextCommentMultiLine.proto */,
				3E28C4A319C6119800D5F4FD /* TextCommentMultiLineEOF.proto */,
				3EA6589919D25D970057E591 /* TextCommentNoSpace.proto */,
				3EA658A019D26DAF0057E591 /* TextDelimiterMultiple.proto */,
				3E2D269A19C7E43500BD2302 /* TextString.proto */,
				3EA6589B19D25FB60057E591 /* TextStringEmpty.proto */,
				3E2D269B19C7E62D00BD2302 /* TextStringEOF.proto */,
				3E2D269C19C7E64B00BD2302 /* TextStringMultiLine.proto */,
				3EA6589C19D261960057E591 /* TextStringEndingEscape.proto */,
				3EA6589E19D26B220057E591 /* TextStringEndingQuote.proto */,
				3E28C49B19C602D000D5F4FD /* TextWhitespace.proto */,
			);
			path = Messages;
			sourceTree = "<group>";
		};
/* End PBXGroup section */

/* Begin PBXHeadersBuildPhase section */
		3EF78A5F19C53BD800976ADA /* Headers */ = {
			isa = PBXHeadersBuildPhase;
			buildActionMask = 2147483647;
			files = (
				3E9EE99319D6634F00AEF047 /* PackageParser.h in Headers */,
				3EE9089519C9339C00C75919 /* ProtoParser.h in Headers */,
				3EB0EBD319E235810097929D /* OneofFieldParser.h in Headers */,
				3ECE38A219DBAAEF00A042B4 /* EnumModel.h in Headers */,
				3EB0FA2519DA4B66003633C8 /* ParserManager.h in Headers */,
				3E9EE99B19D663D000AEF047 /* MessageModel.h in Headers */,
				3EFCB8AC19F20B1400771D5B /* CodeGeneratorCPP.h in Headers */,
				3EE5ACCD19E39621001AEC6C /* EnumValueParser.h in Headers */,
				3E37A5D019DF916600BED294 /* MessageFieldModel.h in Headers */,
				3E8422BA19E8C91800FA1222 /* OptionGroupParser.h in Headers */,
				3E652BE51A19AECE004DA5FF /* ProtoBaseTemplateCPP.h in Headers */,
				3E9B75C419E780D1004B59A7 /* OptionSingleParser.h in Headers */,
				3EB0EBCB19E225CD0097929D /* OneofModel.h in Headers */,
				3EB0EBCF19E225F40097929D /* OneofParser.h in Headers */,
				3E03213619EB20FB00E21D52 /* ImportParser.h in Headers */,
				3ECE389E19DBAA3100A042B4 /* EnumParser.h in Headers */,
				3EE9089919C9361400C75919 /* ProtoModel.h in Headers */,
				3E37A5D419DF918200BED294 /* MessageFieldParser.h in Headers */,
				3EFCB8A819F2074100771D5B /* CodeGeneratorManager.h in Headers */,
				3E9EE99719D6636B00AEF047 /* MessageParser.h in Headers */,
				3EC7155A1A09EE6900C19A3F /* Packageable.h in Headers */,
				3E9B75BC19E77E94004B59A7 /* OptionModel.h in Headers */,
				3EE5ACC919E39604001AEC6C /* EnumValueModel.h in Headers */,
				3E9B75C019E7809A004B59A7 /* OptionValueParser.h in Headers */,
			);
			runOnlyForDeploymentPostprocessing = 0;
		};
/* End PBXHeadersBuildPhase section */

/* Begin PBXNativeTarget section */
		3E08D6A21A4281F500D17E46 /* ProtocolGeneratedDesign */ = {
			isa = PBXNativeTarget;
			buildConfigurationList = 3E08D6A91A4281F500D17E46 /* Build configuration list for PBXNativeTarget "ProtocolGeneratedDesign" */;
			buildPhases = (
				3E08D69F1A4281F500D17E46 /* Sources */,
				3E08D6A01A4281F500D17E46 /* Frameworks */,
				3E08D6A11A4281F500D17E46 /* CopyFiles */,
			);
			buildRules = (
			);
			dependencies = (
			);
			name = ProtocolGeneratedDesign;
			productName = ProtocolGeneratedDesign;
			productReference = 3E08D6A31A4281F500D17E46 /* ProtocolGeneratedDesign */;
			productType = "com.apple.product-type.tool";
		};
		3EF78A4519C5321D00976ADA /* ProtocolDesign */ = {
			isa = PBXNativeTarget;
			buildConfigurationList = 3EF78A4C19C5321E00976ADA /* Build configuration list for PBXNativeTarget "ProtocolDesign" */;
			buildPhases = (
				3EF78A4219C5321D00976ADA /* Sources */,
				3EF78A4319C5321D00976ADA /* Frameworks */,
				3EF78A4419C5321D00976ADA /* CopyFiles */,
			);
			buildRules = (
			);
			dependencies = (
			);
			name = ProtocolDesign;
			productName = ProtocolDesign;
			productReference = 3EF78A4619C5321D00976ADA /* ProtocolDesign */;
			productType = "com.apple.product-type.tool";
		};
		3EF78A6019C53BD800976ADA /* Protocol */ = {
			isa = PBXNativeTarget;
			buildConfigurationList = 3EF78A6219C53BD800976ADA /* Build configuration list for PBXNativeTarget "Protocol" */;
			buildPhases = (
				3EF78A5D19C53BD800976ADA /* Sources */,
				3EF78A5E19C53BD800976ADA /* Frameworks */,
				3EF78A5F19C53BD800976ADA /* Headers */,
			);
			buildRules = (
			);
			dependencies = (
			);
			name = Protocol;
			productName = Protocol;
			productReference = 3EF78A6119C53BD800976ADA /* libProtocol.a */;
			productType = "com.apple.product-type.library.static";
		};
/* End PBXNativeTarget section */

/* Begin PBXProject section */
		3E606E5A19BFF9C6009692B8 /* Project object */ = {
			isa = PBXProject;
			attributes = {
				LastUpgradeCheck = 0600;
				ORGANIZATIONNAME = MuddledManaged;
				TargetAttributes = {
					3E08D6A21A4281F500D17E46 = {
						CreatedOnToolsVersion = 6.1.1;
					};
				};
			};
			buildConfigurationList = 3E606E5D19BFF9C6009692B8 /* Build configuration list for PBXProject "Protocol" */;
			compatibilityVersion = "Xcode 3.2";
			developmentRegion = English;
			hasScannedForEncodings = 0;
			knownRegions = (
				en,
			);
			mainGroup = 3E606E5919BFF9C6009692B8;
			productRefGroup = 3E606E6319BFF9C6009692B8 /* Products */;
			projectDirPath = "";
			projectRoot = "";
			targets = (
				3EF78A6019C53BD800976ADA /* Protocol */,
				3EF78A4519C5321D00976ADA /* ProtocolDesign */,
				3E08D6A21A4281F500D17E46 /* ProtocolGeneratedDesign */,
			);
		};
/* End PBXProject section */

/* Begin PBXSourcesBuildPhase section */
		3E08D69F1A4281F500D17E46 /* Sources */ = {
			isa = PBXSourcesBuildPhase;
			buildActionMask = 2147483647;
			files = (
				3E08D6AE1A4284DB00D17E46 /* Message.protocol.cpp in Sources */,
				3E08D6A61A4281F500D17E46 /* main.cpp in Sources */,
			);
			runOnlyForDeploymentPostprocessing = 0;
		};
		3EF78A4219C5321D00976ADA /* Sources */ = {
			isa = PBXSourcesBuildPhase;
			buildActionMask = 2147483647;
			files = (
				3E817D7219F34DD3002A331E /* CodeGeneratorCPPScenarios.cpp in Sources */,
				3E3051DC19DCED6A008245F5 /* EnumParserScenarios.cpp in Sources */,
				3E50659F19EB4B40006C86B6 /* ImportParserScenarios.cpp in Sources */,
				3E9888D219D2945B00505B28 /* ProtoModelScenarios.cpp in Sources */,
				3EDF794B19D7663F00AD2103 /* PackageParserScenarios.cpp in Sources */,
				3EDF794D19D7666800AD2103 /* MessageParserScenarios.cpp in Sources */,
				3E9888D419D2971F00505B28 /* ProtoParserScenarios.cpp in Sources */,
				3E817D7019F34D7C002A331E /* CodeGeneratorManagerScenarios.cpp in Sources */,
				3EC1F8DA19E4E24D0035376F /* EnumValueParserScenarios.cpp in Sources */,
				3E37A5D919DFA3DE00BED294 /* MessageFieldParserScenarios.cpp in Sources */,
				3EF78A5419C5396300976ADA /* TokenReaderScenarios.cpp in Sources */,
				3EF78A4919C5321E00976ADA /* main.cpp in Sources */,
				3EB0EBD819E23E580097929D /* OneofParserScenarios.cpp in Sources */,
				3EE9C53919EA135B008EF427 /* OptionParserScenarios.cpp in Sources */,
			);
			runOnlyForDeploymentPostprocessing = 0;
		};
		3EF78A5D19C53BD800976ADA /* Sources */ = {
			isa = PBXSourcesBuildPhase;
			buildActionMask = 2147483647;
			files = (
				3E9EE99619D6636B00AEF047 /* MessageParser.cpp in Sources */,
				3E37A5D319DF918200BED294 /* MessageFieldParser.cpp in Sources */,
				3ECE389D19DBAA3100A042B4 /* EnumParser.cpp in Sources */,
				3EE5ACCC19E39621001AEC6C /* EnumValueParser.cpp in Sources */,
				3EB0EBD219E235810097929D /* OneofFieldParser.cpp in Sources */,
				3EE9089819C9361400C75919 /* ProtoModel.cpp in Sources */,
				3E9B75C319E780D1004B59A7 /* OptionSingleParser.cpp in Sources */,
				3EE9089419C9339C00C75919 /* ProtoParser.cpp in Sources */,
				3E37A5CF19DF916600BED294 /* MessageFieldModel.cpp in Sources */,
				3EE5ACC819E39604001AEC6C /* EnumValueModel.cpp in Sources */,
				3EB0EBCE19E225F40097929D /* OneofParser.cpp in Sources */,
				3EB0FA2419DA4B66003633C8 /* ParserManager.cpp in Sources */,
				3EB0EBCA19E225CD0097929D /* OneofModel.cpp in Sources */,
				3EFCB8AB19F20B1400771D5B /* CodeGeneratorCPP.cpp in Sources */,
				3E03213519EB20FB00E21D52 /* ImportParser.cpp in Sources */,
				3E9B75BF19E7809A004B59A7 /* OptionValueParser.cpp in Sources */,
				3ECE38A119DBAAEF00A042B4 /* EnumModel.cpp in Sources */,
				3E9EE99A19D663D000AEF047 /* MessageModel.cpp in Sources */,
				3EF78A6619C53DAF00976ADA /* TokenReader.cpp in Sources */,
				3E8422B919E8C91800FA1222 /* OptionGroupParser.cpp in Sources */,
				3E9EE99219D6634F00AEF047 /* PackageParser.cpp in Sources */,
				3EFCB8A719F2074100771D5B /* CodeGeneratorManager.cpp in Sources */,
				3E9B75BB19E77E94004B59A7 /* OptionModel.cpp in Sources */,
			);
			runOnlyForDeploymentPostprocessing = 0;
		};
/* End PBXSourcesBuildPhase section */

/* Begin XCBuildConfiguration section */
		3E08D6A71A4281F500D17E46 /* Debug */ = {
			isa = XCBuildConfiguration;
			buildSettings = {
				CLANG_WARN_UNREACHABLE_CODE = YES;
				ENABLE_STRICT_OBJC_MSGSEND = YES;
				GCC_PREPROCESSOR_DEFINITIONS = (
					"DEBUG=1",
					"$(inherited)",
				);
				MTL_ENABLE_DEBUG_INFO = YES;
				PRODUCT_NAME = "$(TARGET_NAME)";
			};
			name = Debug;
		};
		3E08D6A81A4281F500D17E46 /* Release */ = {
			isa = XCBuildConfiguration;
			buildSettings = {
				CLANG_WARN_UNREACHABLE_CODE = YES;
				ENABLE_STRICT_OBJC_MSGSEND = YES;
				MTL_ENABLE_DEBUG_INFO = NO;
				PRODUCT_NAME = "$(TARGET_NAME)";
			};
			name = Release;
		};
		3E606E6919BFF9C6009692B8 /* Debug */ = {
			isa = XCBuildConfiguration;
			buildSettings = {
				ALWAYS_SEARCH_USER_PATHS = NO;
				CLANG_CXX_LANGUAGE_STANDARD = "gnu++0x";
				CLANG_CXX_LIBRARY = "libc++";
				CLANG_ENABLE_MODULES = YES;
				CLANG_ENABLE_OBJC_ARC = YES;
				CLANG_WARN_BOOL_CONVERSION = YES;
				CLANG_WARN_CONSTANT_CONVERSION = YES;
				CLANG_WARN_DIRECT_OBJC_ISA_USAGE = YES_ERROR;
				CLANG_WARN_EMPTY_BODY = YES;
				CLANG_WARN_ENUM_CONVERSION = YES;
				CLANG_WARN_INT_CONVERSION = YES;
				CLANG_WARN_OBJC_ROOT_CLASS = YES_ERROR;
				CLANG_WARN__DUPLICATE_METHOD_MATCH = YES;
				COPY_PHASE_STRIP = NO;
				GCC_C_LANGUAGE_STANDARD = gnu99;
				GCC_DYNAMIC_NO_PIC = NO;
				GCC_ENABLE_OBJC_EXCEPTIONS = YES;
				GCC_OPTIMIZATION_LEVEL = 0;
				GCC_PREPROCESSOR_DEFINITIONS = (
					"DEBUG=1",
					"$(inherited)",
				);
				GCC_SYMBOLS_PRIVATE_EXTERN = NO;
				GCC_WARN_64_TO_32_BIT_CONVERSION = YES;
				GCC_WARN_ABOUT_RETURN_TYPE = YES_ERROR;
				GCC_WARN_UNDECLARED_SELECTOR = YES;
				GCC_WARN_UNINITIALIZED_AUTOS = YES_AGGRESSIVE;
				GCC_WARN_UNUSED_FUNCTION = YES;
				GCC_WARN_UNUSED_VARIABLE = YES;
				HEADER_SEARCH_PATHS = (
					"$(inherited)",
					/Applications/Xcode.app/Contents/Developer/Toolchains/XcodeDefault.xctoolchain/usr/include,
					/opt/local/include,
				);
				LIBRARY_SEARCH_PATHS = /opt/local/lib;
				MACOSX_DEPLOYMENT_TARGET = 10.9;
				ONLY_ACTIVE_ARCH = YES;
				SDKROOT = macosx;
			};
			name = Debug;
		};
		3E606E6A19BFF9C6009692B8 /* Release */ = {
			isa = XCBuildConfiguration;
			buildSettings = {
				ALWAYS_SEARCH_USER_PATHS = NO;
				CLANG_CXX_LANGUAGE_STANDARD = "gnu++0x";
				CLANG_CXX_LIBRARY = "libc++";
				CLANG_ENABLE_MODULES = YES;
				CLANG_ENABLE_OBJC_ARC = YES;
				CLANG_WARN_BOOL_CONVERSION = YES;
				CLANG_WARN_CONSTANT_CONVERSION = YES;
				CLANG_WARN_DIRECT_OBJC_ISA_USAGE = YES_ERROR;
				CLANG_WARN_EMPTY_BODY = YES;
				CLANG_WARN_ENUM_CONVERSION = YES;
				CLANG_WARN_INT_CONVERSION = YES;
				CLANG_WARN_OBJC_ROOT_CLASS = YES_ERROR;
				CLANG_WARN__DUPLICATE_METHOD_MATCH = YES;
				COPY_PHASE_STRIP = YES;
				DEBUG_INFORMATION_FORMAT = "dwarf-with-dsym";
				ENABLE_NS_ASSERTIONS = NO;
				GCC_C_LANGUAGE_STANDARD = gnu99;
				GCC_ENABLE_OBJC_EXCEPTIONS = YES;
				GCC_WARN_64_TO_32_BIT_CONVERSION = YES;
				GCC_WARN_ABOUT_RETURN_TYPE = YES_ERROR;
				GCC_WARN_UNDECLARED_SELECTOR = YES;
				GCC_WARN_UNINITIALIZED_AUTOS = YES_AGGRESSIVE;
				GCC_WARN_UNUSED_FUNCTION = YES;
				GCC_WARN_UNUSED_VARIABLE = YES;
				HEADER_SEARCH_PATHS = (
					"$(inherited)",
					/Applications/Xcode.app/Contents/Developer/Toolchains/XcodeDefault.xctoolchain/usr/include,
					/opt/local/include,
				);
				LIBRARY_SEARCH_PATHS = /opt/local/lib;
				MACOSX_DEPLOYMENT_TARGET = 10.9;
				SDKROOT = macosx;
			};
			name = Release;
		};
		3EF78A4D19C5321E00976ADA /* Debug */ = {
			isa = XCBuildConfiguration;
			buildSettings = {
				GCC_PREPROCESSOR_DEFINITIONS = (
					"DEBUG=1",
					"$(inherited)",
				);
				PRODUCT_NAME = "$(TARGET_NAME)";
			};
			name = Debug;
		};
		3EF78A4E19C5321E00976ADA /* Release */ = {
			isa = XCBuildConfiguration;
			buildSettings = {
				PRODUCT_NAME = "$(TARGET_NAME)";
			};
			name = Release;
		};
		3EF78A6319C53BD800976ADA /* Debug */ = {
			isa = XCBuildConfiguration;
			buildSettings = {
				COMBINE_HIDPI_IMAGES = YES;
				EXECUTABLE_PREFIX = lib;
				GCC_PREPROCESSOR_DEFINITIONS = (
					"DEBUG=1",
					"$(inherited)",
				);
				LIBRARY_SEARCH_PATHS = (
					"$(inherited)",
					/opt/local/lib,
				);
				PRODUCT_NAME = "$(TARGET_NAME)";
			};
			name = Debug;
		};
		3EF78A6419C53BD800976ADA /* Release */ = {
			isa = XCBuildConfiguration;
			buildSettings = {
				COMBINE_HIDPI_IMAGES = YES;
				EXECUTABLE_PREFIX = lib;
				LIBRARY_SEARCH_PATHS = (
					"$(inherited)",
					/opt/local/lib,
				);
				PRODUCT_NAME = "$(TARGET_NAME)";
			};
			name = Release;
		};
/* End XCBuildConfiguration section */

/* Begin XCConfigurationList section */
		3E08D6A91A4281F500D17E46 /* Build configuration list for PBXNativeTarget "ProtocolGeneratedDesign" */ = {
			isa = XCConfigurationList;
			buildConfigurations = (
				3E08D6A71A4281F500D17E46 /* Debug */,
				3E08D6A81A4281F500D17E46 /* Release */,
			);
			defaultConfigurationIsVisible = 0;
		};
		3E606E5D19BFF9C6009692B8 /* Build configuration list for PBXProject "Protocol" */ = {
			isa = XCConfigurationList;
			buildConfigurations = (
				3E606E6919BFF9C6009692B8 /* Debug */,
				3E606E6A19BFF9C6009692B8 /* Release */,
			);
			defaultConfigurationIsVisible = 0;
			defaultConfigurationName = Release;
		};
		3EF78A4C19C5321E00976ADA /* Build configuration list for PBXNativeTarget "ProtocolDesign" */ = {
			isa = XCConfigurationList;
			buildConfigurations = (
				3EF78A4D19C5321E00976ADA /* Debug */,
				3EF78A4E19C5321E00976ADA /* Release */,
			);
			defaultConfigurationIsVisible = 0;
			defaultConfigurationName = Release;
		};
		3EF78A6219C53BD800976ADA /* Build configuration list for PBXNativeTarget "Protocol" */ = {
			isa = XCConfigurationList;
			buildConfigurations = (
				3EF78A6319C53BD800976ADA /* Debug */,
				3EF78A6419C53BD800976ADA /* Release */,
			);
			defaultConfigurationIsVisible = 0;
			defaultConfigurationName = Release;
		};
/* End XCConfigurationList section */
	};
	rootObject = 3E606E5A19BFF9C6009692B8 /* Project object */;
}
